// !$*UTF8*$!
{
	archiveVersion = 1;
	classes = {
	};
	objectVersion = 46;
	objects = {

/* Begin PBXBuildFile section */
		96076C3A1CF96148002E3F1E /* MBProgressHUD+MJ.m in Sources */ = {isa = PBXBuildFile; fileRef = 96076C391CF96148002E3F1E /* MBProgressHUD+MJ.m */; };
		96076C3C1CF964C8002E3F1E /* MBProgressHUD.bundle in Resources */ = {isa = PBXBuildFile; fileRef = 96076C3B1CF964C8002E3F1E /* MBProgressHUD.bundle */; };
		96076C541CF9C1B7002E3F1E /* WidomTaskModel.swift in Sources */ = {isa = PBXBuildFile; fileRef = 96076C531CF9C1B7002E3F1E /* WidomTaskModel.swift */; };
		96076C561CF9C1CE002E3F1E /* WisdomTask.swift in Sources */ = {isa = PBXBuildFile; fileRef = 96076C551CF9C1CE002E3F1E /* WisdomTask.swift */; };
		960C45D51D2EBD1F00E896CC /* (null) in Embed Frameworks */ = {isa = PBXBuildFile; settings = {ATTRIBUTES = (CodeSignOnCopy, RemoveHeadersOnCopy, ); }; };
		962ABF541CF2895800990AC2 /* InstroduceViewController.swift in Sources */ = {isa = PBXBuildFile; fileRef = 962ABF531CF2895800990AC2 /* InstroduceViewController.swift */; };
		962ABF581CF2898400990AC2 /* InstroduceHeaderView.swift in Sources */ = {isa = PBXBuildFile; fileRef = 962ABF571CF2898400990AC2 /* InstroduceHeaderView.swift */; };
		962ABF5B1CF29ECB00990AC2 /* InstroduceTableViewCell.swift in Sources */ = {isa = PBXBuildFile; fileRef = 962ABF591CF29ECB00990AC2 /* InstroduceTableViewCell.swift */; };
		962ABF5C1CF29ECB00990AC2 /* InstroduceTableViewCell.xib in Resources */ = {isa = PBXBuildFile; fileRef = 962ABF5A1CF29ECB00990AC2 /* InstroduceTableViewCell.xib */; };
		962ABF5F1CF2ABAD00990AC2 /* TaskModel.swift in Sources */ = {isa = PBXBuildFile; fileRef = 962ABF5E1CF2ABAD00990AC2 /* TaskModel.swift */; };
		963123091D3779A200476592 /* MessagePhotoScanController.swift in Sources */ = {isa = PBXBuildFile; fileRef = 963123071D3779A200476592 /* MessagePhotoScanController.swift */; };
		9631230A1D3779A200476592 /* MessagePhotoView.swift in Sources */ = {isa = PBXBuildFile; fileRef = 963123081D3779A200476592 /* MessagePhotoView.swift */; };
		96336E3A1CED569400BA5BF3 /* AppDelegate.swift in Sources */ = {isa = PBXBuildFile; fileRef = 96336E391CED569400BA5BF3 /* AppDelegate.swift */; };
		96336E3F1CED569400BA5BF3 /* Main.storyboard in Resources */ = {isa = PBXBuildFile; fileRef = 96336E3D1CED569400BA5BF3 /* Main.storyboard */; };
		96336E411CED569400BA5BF3 /* Assets.xcassets in Resources */ = {isa = PBXBuildFile; fileRef = 96336E401CED569400BA5BF3 /* Assets.xcassets */; };
		96336E441CED569400BA5BF3 /* LaunchScreen.storyboard in Resources */ = {isa = PBXBuildFile; fileRef = 96336E421CED569400BA5BF3 /* LaunchScreen.storyboard */; };
		96336E4F1CED569500BA5BF3 /* ____Tests.swift in Sources */ = {isa = PBXBuildFile; fileRef = 96336E4E1CED569500BA5BF3 /* ____Tests.swift */; };
		96336E5A1CED569500BA5BF3 /* ____UITests.swift in Sources */ = {isa = PBXBuildFile; fileRef = 96336E591CED569500BA5BF3 /* ____UITests.swift */; };
		96336E691CED57AA00BA5BF3 /* 兰亭黑 GBK.TTF in Resources */ = {isa = PBXBuildFile; fileRef = 96336E671CED57AA00BA5BF3 /* 兰亭黑 GBK.TTF */; };
		96336E6A1CED57AA00BA5BF3 /* 兰亭细黑 GBK Mobil.TTF in Resources */ = {isa = PBXBuildFile; fileRef = 96336E681CED57AA00BA5BF3 /* 兰亭细黑 GBK Mobil.TTF */; };
		9638713F1CF4039C00653D11 /* NewRecordViewController.swift in Sources */ = {isa = PBXBuildFile; fileRef = 9638713E1CF4039C00653D11 /* NewRecordViewController.swift */; };
		963BDD231CFAB0F4003DB16E /* TaskDetailViewController.swift in Sources */ = {isa = PBXBuildFile; fileRef = 963BDD221CFAB0F4003DB16E /* TaskDetailViewController.swift */; };
		963BDD291CFB427A003DB16E /* AnalyzeViewController.swift in Sources */ = {isa = PBXBuildFile; fileRef = 963BDD281CFB427A003DB16E /* AnalyzeViewController.swift */; };
		963BDD311CFB4DB8003DB16E /* AnalyzeCollectionViewCell.swift in Sources */ = {isa = PBXBuildFile; fileRef = 963BDD2F1CFB4DB8003DB16E /* AnalyzeCollectionViewCell.swift */; };
		963BDD351CFB5002003DB16E /* GrowthViewController.swift in Sources */ = {isa = PBXBuildFile; fileRef = 963BDD341CFB5002003DB16E /* GrowthViewController.swift */; };
		963BDD371CFB6125003DB16E /* TYAnalyze.swift in Sources */ = {isa = PBXBuildFile; fileRef = 963BDD361CFB6125003DB16E /* TYAnalyze.swift */; };
		963BDD391CFB6134003DB16E /* TYAnalyze.xib in Resources */ = {isa = PBXBuildFile; fileRef = 963BDD381CFB6134003DB16E /* TYAnalyze.xib */; };
		963BDD3C1CFB6513003DB16E /* AirViewController.swift in Sources */ = {isa = PBXBuildFile; fileRef = 963BDD3B1CFB6513003DB16E /* AirViewController.swift */; };
		963BDD3F1CFB682A003DB16E /* SoilViewController.swift in Sources */ = {isa = PBXBuildFile; fileRef = 963BDD3E1CFB682A003DB16E /* SoilViewController.swift */; };
		963BDD421CFB6874003DB16E /* SunViewController.swift in Sources */ = {isa = PBXBuildFile; fileRef = 963BDD411CFB6874003DB16E /* SunViewController.swift */; };
		963BDD451CFBD152003DB16E /* FertilizeViewController.swift in Sources */ = {isa = PBXBuildFile; fileRef = 963BDD441CFBD152003DB16E /* FertilizeViewController.swift */; };
		965A53BF1CF0011400CA9B53 /* Reachability.m in Sources */ = {isa = PBXBuildFile; fileRef = 965A53BD1CF0011400CA9B53 /* Reachability.m */; };
		965A53C01CF0011400CA9B53 /* TYConfig.swift in Sources */ = {isa = PBXBuildFile; fileRef = 965A53BE1CF0011400CA9B53 /* TYConfig.swift */; };
		965A53C21CF014D900CA9B53 /* CardDetailViewController.swift in Sources */ = {isa = PBXBuildFile; fileRef = 965A53C11CF014D900CA9B53 /* CardDetailViewController.swift */; };
		965A53C71CF073D300CA9B53 /* TYTabBarItem.swift in Sources */ = {isa = PBXBuildFile; fileRef = 965A53C61CF073D300CA9B53 /* TYTabBarItem.swift */; };
		965A53D01CF078A500CA9B53 /* TaskTableViewCell.swift in Sources */ = {isa = PBXBuildFile; fileRef = 965A53CE1CF078A500CA9B53 /* TaskTableViewCell.swift */; };
		965A53D11CF078A500CA9B53 /* TaskTableViewCell.xib in Resources */ = {isa = PBXBuildFile; fileRef = 965A53CF1CF078A500CA9B53 /* TaskTableViewCell.xib */; };
		965A53D41CF0898800CA9B53 /* FarmlandConfigureViewController.swift in Sources */ = {isa = PBXBuildFile; fileRef = 965A53D31CF0898800CA9B53 /* FarmlandConfigureViewController.swift */; };
		965A53D91CF0916100CA9B53 /* FarmlandConfigTableViewCell.swift in Sources */ = {isa = PBXBuildFile; fileRef = 965A53D71CF0916100CA9B53 /* FarmlandConfigTableViewCell.swift */; };
		965A53DA1CF0916100CA9B53 /* FarmlandConfigTableViewCell.xib in Resources */ = {isa = PBXBuildFile; fileRef = 965A53D81CF0916100CA9B53 /* FarmlandConfigTableViewCell.xib */; };
		965A53DD1CF1369600CA9B53 /* ForumViewController.swift in Sources */ = {isa = PBXBuildFile; fileRef = 965A53DC1CF1369600CA9B53 /* ForumViewController.swift */; };
		965A53E91CF13C3700CA9B53 /* PageButtonMidLine.swift in Sources */ = {isa = PBXBuildFile; fileRef = 965A53E81CF13C3700CA9B53 /* PageButtonMidLine.swift */; };
		965A53EE1CF1618100CA9B53 /* ForumTableViewCell.swift in Sources */ = {isa = PBXBuildFile; fileRef = 965A53EC1CF1618100CA9B53 /* ForumTableViewCell.swift */; };
		965A53EF1CF1618100CA9B53 /* ForumTableViewCell.xib in Resources */ = {isa = PBXBuildFile; fileRef = 965A53ED1CF1618100CA9B53 /* ForumTableViewCell.xib */; };
		965A53F21CF1727400CA9B53 /* MeForumViewController.swift in Sources */ = {isa = PBXBuildFile; fileRef = 965A53F11CF1727400CA9B53 /* MeForumViewController.swift */; };
		965A53F41CF18FE800CA9B53 /* PushNewForumViewController.swift in Sources */ = {isa = PBXBuildFile; fileRef = 965A53F31CF18FE800CA9B53 /* PushNewForumViewController.swift */; };
		965A53F71CF19A7200CA9B53 /* ReplyTableViewCell.swift in Sources */ = {isa = PBXBuildFile; fileRef = 965A53F51CF19A7200CA9B53 /* ReplyTableViewCell.swift */; };
		965A53F81CF19A7200CA9B53 /* ReplyTableViewCell.xib in Resources */ = {isa = PBXBuildFile; fileRef = 965A53F61CF19A7200CA9B53 /* ReplyTableViewCell.xib */; };
		965A53FA1CF19E5F00CA9B53 /* ForumDetailViewController.swift in Sources */ = {isa = PBXBuildFile; fileRef = 965A53F91CF19E5F00CA9B53 /* ForumDetailViewController.swift */; };
		965A54011CF1D38300CA9B53 /* ExpertViewController.swift in Sources */ = {isa = PBXBuildFile; fileRef = 965A54001CF1D38300CA9B53 /* ExpertViewController.swift */; };
		965A54051CF1D4BE00CA9B53 /* ExpertReplyTableViewCell.swift in Sources */ = {isa = PBXBuildFile; fileRef = 965A54031CF1D4BE00CA9B53 /* ExpertReplyTableViewCell.swift */; };
		965A54061CF1D4BE00CA9B53 /* ExpertReplyTableViewCell.xib in Resources */ = {isa = PBXBuildFile; fileRef = 965A54041CF1D4BE00CA9B53 /* ExpertReplyTableViewCell.xib */; };
		965A54091CF1D4E600CA9B53 /* AskExpertTableViewCell.swift in Sources */ = {isa = PBXBuildFile; fileRef = 965A54071CF1D4E600CA9B53 /* AskExpertTableViewCell.swift */; };
		965A540A1CF1D4E600CA9B53 /* AskExpertTableViewCell.xib in Resources */ = {isa = PBXBuildFile; fileRef = 965A54081CF1D4E600CA9B53 /* AskExpertTableViewCell.xib */; };
		965A540C1CF1E23200CA9B53 /* ExpertAndMeViewController.swift in Sources */ = {isa = PBXBuildFile; fileRef = 965A540B1CF1E23200CA9B53 /* ExpertAndMeViewController.swift */; };
		965A540F1CF1F03D00CA9B53 /* MyReplyTableViewCell.swift in Sources */ = {isa = PBXBuildFile; fileRef = 965A540D1CF1F03D00CA9B53 /* MyReplyTableViewCell.swift */; };
		965A54101CF1F03D00CA9B53 /* MyReplyTableViewCell.xib in Resources */ = {isa = PBXBuildFile; fileRef = 965A540E1CF1F03D00CA9B53 /* MyReplyTableViewCell.xib */; };
		9677B7AA1CF5B686008ADEA4 /* AlertTimeChooseViewController.swift in Sources */ = {isa = PBXBuildFile; fileRef = 9677B7A91CF5B686008ADEA4 /* AlertTimeChooseViewController.swift */; };
		9677B7AC1CF5C63A008ADEA4 /* AlertCropsChooseViewController.swift in Sources */ = {isa = PBXBuildFile; fileRef = 9677B7AB1CF5C63A008ADEA4 /* AlertCropsChooseViewController.swift */; };
		9677B7AF1CF5C70E008ADEA4 /* CropClassTableViewCell.swift in Sources */ = {isa = PBXBuildFile; fileRef = 9677B7AD1CF5C70E008ADEA4 /* CropClassTableViewCell.swift */; };
		9677B7B01CF5C70E008ADEA4 /* CropClassTableViewCell.xib in Resources */ = {isa = PBXBuildFile; fileRef = 9677B7AE1CF5C70E008ADEA4 /* CropClassTableViewCell.xib */; };
		9677B7B21CF5D233008ADEA4 /* CropsChooseViewController.swift in Sources */ = {isa = PBXBuildFile; fileRef = 9677B7B11CF5D233008ADEA4 /* CropsChooseViewController.swift */; };
		9677B7B51CF5D319008ADEA4 /* CropsCollectionViewCell.swift in Sources */ = {isa = PBXBuildFile; fileRef = 9677B7B31CF5D319008ADEA4 /* CropsCollectionViewCell.swift */; };
		9677B7B61CF5D319008ADEA4 /* CropsCollectionViewCell.xib in Resources */ = {isa = PBXBuildFile; fileRef = 9677B7B41CF5D319008ADEA4 /* CropsCollectionViewCell.xib */; };
		9677B7B81CF5FCA9008ADEA4 /* AreaGetWayChooseViewController.swift in Sources */ = {isa = PBXBuildFile; fileRef = 9677B7B71CF5FCA9008ADEA4 /* AreaGetWayChooseViewController.swift */; };
		9677B7BA1CF688AF008ADEA4 /* AreaViewController.swift in Sources */ = {isa = PBXBuildFile; fileRef = 9677B7B91CF688AF008ADEA4 /* AreaViewController.swift */; };
		9677B7BC1CF688C1008ADEA4 /* GPSWayViewController.swift in Sources */ = {isa = PBXBuildFile; fileRef = 9677B7BB1CF688C1008ADEA4 /* GPSWayViewController.swift */; };
		968888FD1CEE018A00B99FD4 /* TYViewController.swift in Sources */ = {isa = PBXBuildFile; fileRef = 968888FC1CEE018A00B99FD4 /* TYViewController.swift */; };
		968888FF1CEE01F800B99FD4 /* TYNavigationViewController.swift in Sources */ = {isa = PBXBuildFile; fileRef = 968888FE1CEE01F800B99FD4 /* TYNavigationViewController.swift */; };
		968889011CEE027A00B99FD4 /* MainViewController.swift in Sources */ = {isa = PBXBuildFile; fileRef = 968889001CEE027A00B99FD4 /* MainViewController.swift */; };
		968889081CEE9C1800B99FD4 /* AlertAddDeviceViewController.swift in Sources */ = {isa = PBXBuildFile; fileRef = 968889061CEE9C1800B99FD4 /* AlertAddDeviceViewController.swift */; };
		9688890C1CEE9C5700B99FD4 /* AddDevice.storyboard in Resources */ = {isa = PBXBuildFile; fileRef = 9688890B1CEE9C5700B99FD4 /* AddDevice.storyboard */; };
		9688890E1CEEA98200B99FD4 /* AlertAddDeviceSecondViewController.swift in Sources */ = {isa = PBXBuildFile; fileRef = 9688890D1CEEA98200B99FD4 /* AlertAddDeviceSecondViewController.swift */; };
		968889101CEEAAEB00B99FD4 /* AlertAddDeviceThirdViewController.swift in Sources */ = {isa = PBXBuildFile; fileRef = 9688890F1CEEAAEB00B99FD4 /* AlertAddDeviceThirdViewController.swift */; };
		968889121CEEB13800B99FD4 /* AlertAddDeviceFourViewController.swift in Sources */ = {isa = PBXBuildFile; fileRef = 968889111CEEB13800B99FD4 /* AlertAddDeviceFourViewController.swift */; };
		968889141CEF23BA00B99FD4 /* SystemConfiguration.framework in Frameworks */ = {isa = PBXBuildFile; fileRef = 968889131CEF23BA00B99FD4 /* SystemConfiguration.framework */; };
		968889161CEF24DE00B99FD4 /* TYExtension.swift in Sources */ = {isa = PBXBuildFile; fileRef = 968889151CEF24DE00B99FD4 /* TYExtension.swift */; };
		9697638C1CF83EE700F11E7C /* UserCenterViewController.swift in Sources */ = {isa = PBXBuildFile; fileRef = 9697638B1CF83EE700F11E7C /* UserCenterViewController.swift */; };
		9697638F1CF861F300F11E7C /* ForumModel.swift in Sources */ = {isa = PBXBuildFile; fileRef = 9697638E1CF861F300F11E7C /* ForumModel.swift */; };
		9699F1BD1CEF40BF0013031B /* FarmlandCardTableViewCell.swift in Sources */ = {isa = PBXBuildFile; fileRef = 9699F1BB1CEF40BF0013031B /* FarmlandCardTableViewCell.swift */; };
		9699F1BE1CEF40BF0013031B /* FarmlandCardTableViewCell.xib in Resources */ = {isa = PBXBuildFile; fileRef = 9699F1BC1CEF40BF0013031B /* FarmlandCardTableViewCell.xib */; };
		96A04E8B1D44D9EB00EE66CA /* ExpertClassChooseTableViewCell.swift in Sources */ = {isa = PBXBuildFile; fileRef = 96A04E891D44D9EB00EE66CA /* ExpertClassChooseTableViewCell.swift */; };
		96A04E8C1D44D9EB00EE66CA /* ExpertClassChooseTableViewCell.xib in Resources */ = {isa = PBXBuildFile; fileRef = 96A04E8A1D44D9EB00EE66CA /* ExpertClassChooseTableViewCell.xib */; };
		96A04E8E1D44DA6D00EE66CA /* ExpertClassChooseTableHeadView.swift in Sources */ = {isa = PBXBuildFile; fileRef = 96A04E8D1D44DA6D00EE66CA /* ExpertClassChooseTableHeadView.swift */; };
		96A04E911D44DD3A00EE66CA /* ExpertClassChooseCollectionViewCell.swift in Sources */ = {isa = PBXBuildFile; fileRef = 96A04E8F1D44DD3A00EE66CA /* ExpertClassChooseCollectionViewCell.swift */; };
		96A04E921D44DD3A00EE66CA /* ExpertClassChooseCollectionViewCell.xib in Resources */ = {isa = PBXBuildFile; fileRef = 96A04E901D44DD3A00EE66CA /* ExpertClassChooseCollectionViewCell.xib */; };
		96A567AE1CF71551000733A1 /* Realm.framework in Frameworks */ = {isa = PBXBuildFile; fileRef = 96A567AC1CF71551000733A1 /* Realm.framework */; };
		96A567B21CF71563000733A1 /* RealmSwift.framework in Frameworks */ = {isa = PBXBuildFile; fileRef = 96A567AD1CF71551000733A1 /* RealmSwift.framework */; };
		96A567B71CF72F03000733A1 /* LoginHomeViewController.swift in Sources */ = {isa = PBXBuildFile; fileRef = 96A567B61CF72F03000733A1 /* LoginHomeViewController.swift */; };
		96A567B91CF72FEA000733A1 /* LoginViewController.swift in Sources */ = {isa = PBXBuildFile; fileRef = 96A567B81CF72FEA000733A1 /* LoginViewController.swift */; };
		96A567BC1CF73B25000733A1 /* TYUserDefault.swift in Sources */ = {isa = PBXBuildFile; fileRef = 96A567BB1CF73B25000733A1 /* TYUserDefault.swift */; };
		96A567BF1CF73B6F000733A1 /* NetWork.swift in Sources */ = {isa = PBXBuildFile; fileRef = 96A567BE1CF73B6F000733A1 /* NetWork.swift */; };
		96A567C11CF73D80000733A1 /* RegisterViewController.swift in Sources */ = {isa = PBXBuildFile; fileRef = 96A567C01CF73D80000733A1 /* RegisterViewController.swift */; };
		96A567C51CF7DF73000733A1 /* NetWorkManager.swift in Sources */ = {isa = PBXBuildFile; fileRef = 96A567C41CF7DF73000733A1 /* NetWorkManager.swift */; };
		96AC87521D3F6F5C0075C451 /* ExpertModel.swift in Sources */ = {isa = PBXBuildFile; fileRef = 96AC87511D3F6F5C0075C451 /* ExpertModel.swift */; };
		96D040951D42343200011D15 /* ExpertClassChooseController.swift in Sources */ = {isa = PBXBuildFile; fileRef = 96D040941D42343200011D15 /* ExpertClassChooseController.swift */; };
		96D29D8D1D3F976800B990DB /* ExpertClient.swift in Sources */ = {isa = PBXBuildFile; fileRef = 96D29D8C1D3F976800B990DB /* ExpertClient.swift */; };
		C9A1C89BA3BC187084745576 /* Pods_____.framework in Frameworks */ = {isa = PBXBuildFile; fileRef = 369374F3B9AB6392C3D772EC /* Pods_____.framework */; };
/* End PBXBuildFile section */

/* Begin PBXContainerItemProxy section */
		96336E4B1CED569500BA5BF3 /* PBXContainerItemProxy */ = {
			isa = PBXContainerItemProxy;
			containerPortal = 96336E2E1CED569400BA5BF3 /* Project object */;
			proxyType = 1;
			remoteGlobalIDString = 96336E351CED569400BA5BF3;
			remoteInfo = "智慧田园";
		};
		96336E561CED569500BA5BF3 /* PBXContainerItemProxy */ = {
			isa = PBXContainerItemProxy;
			containerPortal = 96336E2E1CED569400BA5BF3 /* Project object */;
			proxyType = 1;
			remoteGlobalIDString = 96336E351CED569400BA5BF3;
			remoteInfo = "智慧田园";
		};
/* End PBXContainerItemProxy section */

/* Begin PBXCopyFilesBuildPhase section */
		960C45D61D2EBD1F00E896CC /* Embed Frameworks */ = {
			isa = PBXCopyFilesBuildPhase;
			buildActionMask = 2147483647;
			dstPath = "";
			dstSubfolderSpec = 10;
			files = (
				960C45D51D2EBD1F00E896CC /* (null) in Embed Frameworks */,
			);
			name = "Embed Frameworks";
			runOnlyForDeploymentPostprocessing = 0;
		};
		96A567B41CF71563000733A1 /* Embed Frameworks */ = {
			isa = PBXCopyFilesBuildPhase;
			buildActionMask = 2147483647;
			dstPath = "";
			dstSubfolderSpec = 0;
			files = (
			);
			name = "Embed Frameworks";
			runOnlyForDeploymentPostprocessing = 0;
		};
		96D0409F1D423E3500011D15 /* Embed PlugIns */ = {
			isa = PBXCopyFilesBuildPhase;
			buildActionMask = 2147483647;
			dstPath = "";
			dstSubfolderSpec = 13;
			files = (
			);
			name = "Embed PlugIns";
			runOnlyForDeploymentPostprocessing = 0;
		};
/* End PBXCopyFilesBuildPhase section */

/* Begin PBXFileReference section */
		369374F3B9AB6392C3D772EC /* Pods_____.framework */ = {isa = PBXFileReference; explicitFileType = wrapper.framework; includeInIndex = 0; path = "Pods_____.framework"; sourceTree = BUILT_PRODUCTS_DIR; };
		800828A745BC94227B7D9391 /* Pods-智慧田园.debug.xcconfig */ = {isa = PBXFileReference; includeInIndex = 1; lastKnownFileType = text.xcconfig; name = "Pods-智慧田园.debug.xcconfig"; path = "Pods/Target Support Files/Pods-智慧田园/Pods-智慧田园.debug.xcconfig"; sourceTree = "<group>"; };
		9603B89F1D41CAF40082AF84 /* MulitChooseSwiftTests.swift */ = {isa = PBXFileReference; lastKnownFileType = sourcecode.swift; path = MulitChooseSwiftTests.swift; sourceTree = "<group>"; };
		9603B8A11D41CAF40082AF84 /* Info.plist */ = {isa = PBXFileReference; lastKnownFileType = text.plist.xml; path = Info.plist; sourceTree = "<group>"; };
		9603B8AA1D41CAF40082AF84 /* MulitChooseSwiftUITests.swift */ = {isa = PBXFileReference; lastKnownFileType = sourcecode.swift; path = MulitChooseSwiftUITests.swift; sourceTree = "<group>"; };
		9603B8AC1D41CAF40082AF84 /* Info.plist */ = {isa = PBXFileReference; lastKnownFileType = text.plist.xml; path = Info.plist; sourceTree = "<group>"; };
		96076C381CF96148002E3F1E /* MBProgressHUD+MJ.h */ = {isa = PBXFileReference; fileEncoding = 4; lastKnownFileType = sourcecode.c.h; path = "MBProgressHUD+MJ.h"; sourceTree = "<group>"; };
		96076C391CF96148002E3F1E /* MBProgressHUD+MJ.m */ = {isa = PBXFileReference; fileEncoding = 4; lastKnownFileType = sourcecode.c.objc; path = "MBProgressHUD+MJ.m"; sourceTree = "<group>"; };
		96076C3B1CF964C8002E3F1E /* MBProgressHUD.bundle */ = {isa = PBXFileReference; lastKnownFileType = "wrapper.plug-in"; path = MBProgressHUD.bundle; sourceTree = "<group>"; };
		96076C531CF9C1B7002E3F1E /* WidomTaskModel.swift */ = {isa = PBXFileReference; fileEncoding = 4; lastKnownFileType = sourcecode.swift; name = WidomTaskModel.swift; path = WisdomTask/WidomTaskModel.swift; sourceTree = "<group>"; };
		96076C551CF9C1CE002E3F1E /* WisdomTask.swift */ = {isa = PBXFileReference; fileEncoding = 4; lastKnownFileType = sourcecode.swift; name = WisdomTask.swift; path = WisdomTask/WisdomTask.swift; sourceTree = "<group>"; };
		961DF0741CF6ACE700A8942D /* MapKit.framework */ = {isa = PBXFileReference; lastKnownFileType = wrapper.framework; name = MapKit.framework; path = System/Library/Frameworks/MapKit.framework; sourceTree = SDKROOT; };
		961DF0761CF6B95D00A8942D /* libz.tbd */ = {isa = PBXFileReference; lastKnownFileType = "sourcecode.text-based-dylib-definition"; name = libz.tbd; path = usr/lib/libz.tbd; sourceTree = SDKROOT; };
		961DF08C1CF6C79400A8942D /* TYHeader.h */ = {isa = PBXFileReference; lastKnownFileType = sourcecode.c.h; path = TYHeader.h; sourceTree = SOURCE_ROOT; };
		962ABF531CF2895800990AC2 /* InstroduceViewController.swift */ = {isa = PBXFileReference; fileEncoding = 4; lastKnownFileType = sourcecode.swift; name = InstroduceViewController.swift; path = Instroduce/InstroduceViewController.swift; sourceTree = "<group>"; };
		962ABF571CF2898400990AC2 /* InstroduceHeaderView.swift */ = {isa = PBXFileReference; fileEncoding = 4; lastKnownFileType = sourcecode.swift; name = InstroduceHeaderView.swift; path = Instroduce/InstroduceHeaderView.swift; sourceTree = "<group>"; };
		962ABF591CF29ECB00990AC2 /* InstroduceTableViewCell.swift */ = {isa = PBXFileReference; fileEncoding = 4; lastKnownFileType = sourcecode.swift; name = InstroduceTableViewCell.swift; path = Instroduce/InstroduceTableViewCell.swift; sourceTree = "<group>"; };
		962ABF5A1CF29ECB00990AC2 /* InstroduceTableViewCell.xib */ = {isa = PBXFileReference; fileEncoding = 4; lastKnownFileType = file.xib; name = InstroduceTableViewCell.xib; path = Instroduce/InstroduceTableViewCell.xib; sourceTree = "<group>"; };
		962ABF5E1CF2ABAD00990AC2 /* TaskModel.swift */ = {isa = PBXFileReference; fileEncoding = 4; lastKnownFileType = sourcecode.swift; name = TaskModel.swift; path = FarmlandCard/Model/TaskModel.swift; sourceTree = "<group>"; };
		963123071D3779A200476592 /* MessagePhotoScanController.swift */ = {isa = PBXFileReference; fileEncoding = 4; lastKnownFileType = sourcecode.swift; name = MessagePhotoScanController.swift; path = View/MessagePhotoScanController.swift; sourceTree = "<group>"; };
		963123081D3779A200476592 /* MessagePhotoView.swift */ = {isa = PBXFileReference; fileEncoding = 4; lastKnownFileType = sourcecode.swift; name = MessagePhotoView.swift; path = View/MessagePhotoView.swift; sourceTree = "<group>"; };
		96336E361CED569400BA5BF3 /* 智慧田园.app */ = {isa = PBXFileReference; explicitFileType = wrapper.application; includeInIndex = 0; path = "智慧田园.app"; sourceTree = BUILT_PRODUCTS_DIR; };
		96336E391CED569400BA5BF3 /* AppDelegate.swift */ = {isa = PBXFileReference; lastKnownFileType = sourcecode.swift; path = AppDelegate.swift; sourceTree = "<group>"; };
		96336E3E1CED569400BA5BF3 /* Base */ = {isa = PBXFileReference; lastKnownFileType = file.storyboard; name = Base; path = Base.lproj/Main.storyboard; sourceTree = "<group>"; };
		96336E401CED569400BA5BF3 /* Assets.xcassets */ = {isa = PBXFileReference; lastKnownFileType = folder.assetcatalog; path = Assets.xcassets; sourceTree = "<group>"; };
		96336E431CED569400BA5BF3 /* Base */ = {isa = PBXFileReference; lastKnownFileType = file.storyboard; name = Base; path = Base.lproj/LaunchScreen.storyboard; sourceTree = "<group>"; };
		96336E451CED569400BA5BF3 /* Info.plist */ = {isa = PBXFileReference; lastKnownFileType = text.plist.xml; path = Info.plist; sourceTree = "<group>"; };
		96336E4A1CED569500BA5BF3 /* 智慧田园Tests.xctest */ = {isa = PBXFileReference; explicitFileType = wrapper.cfbundle; includeInIndex = 0; path = "智慧田园Tests.xctest"; sourceTree = BUILT_PRODUCTS_DIR; };
		96336E4E1CED569500BA5BF3 /* ____Tests.swift */ = {isa = PBXFileReference; lastKnownFileType = sourcecode.swift; path = "____Tests.swift"; sourceTree = "<group>"; };
		96336E501CED569500BA5BF3 /* Info.plist */ = {isa = PBXFileReference; lastKnownFileType = text.plist.xml; path = Info.plist; sourceTree = "<group>"; };
		96336E551CED569500BA5BF3 /* 智慧田园UITests.xctest */ = {isa = PBXFileReference; explicitFileType = wrapper.cfbundle; includeInIndex = 0; path = "智慧田园UITests.xctest"; sourceTree = BUILT_PRODUCTS_DIR; };
		96336E591CED569500BA5BF3 /* ____UITests.swift */ = {isa = PBXFileReference; lastKnownFileType = sourcecode.swift; path = "____UITests.swift"; sourceTree = "<group>"; };
		96336E5B1CED569500BA5BF3 /* Info.plist */ = {isa = PBXFileReference; lastKnownFileType = text.plist.xml; path = Info.plist; sourceTree = "<group>"; };
		96336E671CED57AA00BA5BF3 /* 兰亭黑 GBK.TTF */ = {isa = PBXFileReference; lastKnownFileType = file; name = "兰亭黑 GBK.TTF"; path = "../兰亭黑 GBK.TTF"; sourceTree = "<group>"; };
		96336E681CED57AA00BA5BF3 /* 兰亭细黑 GBK Mobil.TTF */ = {isa = PBXFileReference; lastKnownFileType = file; name = "兰亭细黑 GBK Mobil.TTF"; path = "../兰亭细黑 GBK Mobil.TTF"; sourceTree = "<group>"; };
		9638713E1CF4039C00653D11 /* NewRecordViewController.swift */ = {isa = PBXFileReference; fileEncoding = 4; lastKnownFileType = sourcecode.swift; name = NewRecordViewController.swift; path = Record/NewRecordViewController.swift; sourceTree = "<group>"; };
		963BDD221CFAB0F4003DB16E /* TaskDetailViewController.swift */ = {isa = PBXFileReference; fileEncoding = 4; lastKnownFileType = sourcecode.swift; name = TaskDetailViewController.swift; path = FarmlandCard/TaskDetailViewController.swift; sourceTree = "<group>"; };
		963BDD281CFB427A003DB16E /* AnalyzeViewController.swift */ = {isa = PBXFileReference; fileEncoding = 4; lastKnownFileType = sourcecode.swift; name = AnalyzeViewController.swift; path = Analyze/AnalyzeViewController.swift; sourceTree = "<group>"; };
		963BDD2F1CFB4DB8003DB16E /* AnalyzeCollectionViewCell.swift */ = {isa = PBXFileReference; fileEncoding = 4; lastKnownFileType = sourcecode.swift; name = AnalyzeCollectionViewCell.swift; path = Analyze/AnalyzeCollectionViewCell.swift; sourceTree = "<group>"; };
		963BDD341CFB5002003DB16E /* GrowthViewController.swift */ = {isa = PBXFileReference; fileEncoding = 4; lastKnownFileType = sourcecode.swift; name = GrowthViewController.swift; path = Analyze/Growth/GrowthViewController.swift; sourceTree = "<group>"; };
		963BDD361CFB6125003DB16E /* TYAnalyze.swift */ = {isa = PBXFileReference; fileEncoding = 4; lastKnownFileType = sourcecode.swift; name = TYAnalyze.swift; path = Analyze/TYAnalyze.swift; sourceTree = "<group>"; };
		963BDD381CFB6134003DB16E /* TYAnalyze.xib */ = {isa = PBXFileReference; fileEncoding = 4; lastKnownFileType = file.xib; name = TYAnalyze.xib; path = Analyze/TYAnalyze.xib; sourceTree = "<group>"; };
		963BDD3B1CFB6513003DB16E /* AirViewController.swift */ = {isa = PBXFileReference; fileEncoding = 4; lastKnownFileType = sourcecode.swift; name = AirViewController.swift; path = Analyze/Air/AirViewController.swift; sourceTree = "<group>"; };
		963BDD3E1CFB682A003DB16E /* SoilViewController.swift */ = {isa = PBXFileReference; fileEncoding = 4; lastKnownFileType = sourcecode.swift; name = SoilViewController.swift; path = Analyze/Soil/SoilViewController.swift; sourceTree = "<group>"; };
		963BDD411CFB6874003DB16E /* SunViewController.swift */ = {isa = PBXFileReference; fileEncoding = 4; lastKnownFileType = sourcecode.swift; name = SunViewController.swift; path = Analyze/Sun/SunViewController.swift; sourceTree = "<group>"; };
		963BDD441CFBD152003DB16E /* FertilizeViewController.swift */ = {isa = PBXFileReference; fileEncoding = 4; lastKnownFileType = sourcecode.swift; name = FertilizeViewController.swift; path = Analyze/Fertilize/FertilizeViewController.swift; sourceTree = "<group>"; };
		965A53BC1CF0011400CA9B53 /* Reachability.h */ = {isa = PBXFileReference; fileEncoding = 4; lastKnownFileType = sourcecode.c.h; name = Reachability.h; path = Config/Reachability.h; sourceTree = "<group>"; };
		965A53BD1CF0011400CA9B53 /* Reachability.m */ = {isa = PBXFileReference; fileEncoding = 4; lastKnownFileType = sourcecode.c.objc; name = Reachability.m; path = Config/Reachability.m; sourceTree = "<group>"; };
		965A53BE1CF0011400CA9B53 /* TYConfig.swift */ = {isa = PBXFileReference; fileEncoding = 4; lastKnownFileType = sourcecode.swift; name = TYConfig.swift; path = Config/TYConfig.swift; sourceTree = "<group>"; };
		965A53C11CF014D900CA9B53 /* CardDetailViewController.swift */ = {isa = PBXFileReference; fileEncoding = 4; lastKnownFileType = sourcecode.swift; name = CardDetailViewController.swift; path = FarmlandCard/CardDetailViewController.swift; sourceTree = "<group>"; };
		965A53C61CF073D300CA9B53 /* TYTabBarItem.swift */ = {isa = PBXFileReference; fileEncoding = 4; lastKnownFileType = sourcecode.swift; name = TYTabBarItem.swift; path = Base/TYTabBarItem.swift; sourceTree = "<group>"; };
		965A53CE1CF078A500CA9B53 /* TaskTableViewCell.swift */ = {isa = PBXFileReference; fileEncoding = 4; lastKnownFileType = sourcecode.swift; name = TaskTableViewCell.swift; path = FarmlandCard/View/TaskTableViewCell.swift; sourceTree = "<group>"; };
		965A53CF1CF078A500CA9B53 /* TaskTableViewCell.xib */ = {isa = PBXFileReference; fileEncoding = 4; lastKnownFileType = file.xib; name = TaskTableViewCell.xib; path = FarmlandCard/View/TaskTableViewCell.xib; sourceTree = "<group>"; };
		965A53D31CF0898800CA9B53 /* FarmlandConfigureViewController.swift */ = {isa = PBXFileReference; fileEncoding = 4; lastKnownFileType = sourcecode.swift; name = FarmlandConfigureViewController.swift; path = FarmlandCard/Config/FarmlandConfigureViewController.swift; sourceTree = "<group>"; };
		965A53D71CF0916100CA9B53 /* FarmlandConfigTableViewCell.swift */ = {isa = PBXFileReference; fileEncoding = 4; lastKnownFileType = sourcecode.swift; name = FarmlandConfigTableViewCell.swift; path = FarmlandCard/Config/FarmlandConfigTableViewCell.swift; sourceTree = "<group>"; };
		965A53D81CF0916100CA9B53 /* FarmlandConfigTableViewCell.xib */ = {isa = PBXFileReference; fileEncoding = 4; lastKnownFileType = file.xib; name = FarmlandConfigTableViewCell.xib; path = FarmlandCard/Config/FarmlandConfigTableViewCell.xib; sourceTree = "<group>"; };
		965A53DC1CF1369600CA9B53 /* ForumViewController.swift */ = {isa = PBXFileReference; fileEncoding = 4; lastKnownFileType = sourcecode.swift; name = ForumViewController.swift; path = Forum/ForumViewController.swift; sourceTree = "<group>"; };
		965A53E81CF13C3700CA9B53 /* PageButtonMidLine.swift */ = {isa = PBXFileReference; fileEncoding = 4; lastKnownFileType = sourcecode.swift; name = PageButtonMidLine.swift; path = PageButton/PageButtonMidLine.swift; sourceTree = "<group>"; };
		965A53EC1CF1618100CA9B53 /* ForumTableViewCell.swift */ = {isa = PBXFileReference; fileEncoding = 4; lastKnownFileType = sourcecode.swift; name = ForumTableViewCell.swift; path = Forum/ForumTableViewCell.swift; sourceTree = "<group>"; };
		965A53ED1CF1618100CA9B53 /* ForumTableViewCell.xib */ = {isa = PBXFileReference; fileEncoding = 4; lastKnownFileType = file.xib; name = ForumTableViewCell.xib; path = Forum/ForumTableViewCell.xib; sourceTree = "<group>"; };
		965A53F11CF1727400CA9B53 /* MeForumViewController.swift */ = {isa = PBXFileReference; fileEncoding = 4; lastKnownFileType = sourcecode.swift; name = MeForumViewController.swift; path = Forum/MeForumViewController.swift; sourceTree = "<group>"; };
		965A53F31CF18FE800CA9B53 /* PushNewForumViewController.swift */ = {isa = PBXFileReference; fileEncoding = 4; lastKnownFileType = sourcecode.swift; name = PushNewForumViewController.swift; path = Forum/PushNewForumViewController.swift; sourceTree = "<group>"; };
		965A53F51CF19A7200CA9B53 /* ReplyTableViewCell.swift */ = {isa = PBXFileReference; fileEncoding = 4; lastKnownFileType = sourcecode.swift; name = ReplyTableViewCell.swift; path = Forum/ReplyTableViewCell.swift; sourceTree = "<group>"; };
		965A53F61CF19A7200CA9B53 /* ReplyTableViewCell.xib */ = {isa = PBXFileReference; fileEncoding = 4; lastKnownFileType = file.xib; name = ReplyTableViewCell.xib; path = Forum/ReplyTableViewCell.xib; sourceTree = "<group>"; };
		965A53F91CF19E5F00CA9B53 /* ForumDetailViewController.swift */ = {isa = PBXFileReference; fileEncoding = 4; lastKnownFileType = sourcecode.swift; name = ForumDetailViewController.swift; path = Forum/ForumDetailViewController.swift; sourceTree = "<group>"; };
		965A54001CF1D38300CA9B53 /* ExpertViewController.swift */ = {isa = PBXFileReference; fileEncoding = 4; lastKnownFileType = sourcecode.swift; name = ExpertViewController.swift; path = Expert/ExpertViewController.swift; sourceTree = "<group>"; };
		965A54031CF1D4BE00CA9B53 /* ExpertReplyTableViewCell.swift */ = {isa = PBXFileReference; fileEncoding = 4; lastKnownFileType = sourcecode.swift; name = ExpertReplyTableViewCell.swift; path = Expert/ExpertReplyTableViewCell.swift; sourceTree = "<group>"; };
		965A54041CF1D4BE00CA9B53 /* ExpertReplyTableViewCell.xib */ = {isa = PBXFileReference; fileEncoding = 4; lastKnownFileType = file.xib; name = ExpertReplyTableViewCell.xib; path = Expert/ExpertReplyTableViewCell.xib; sourceTree = "<group>"; };
		965A54071CF1D4E600CA9B53 /* AskExpertTableViewCell.swift */ = {isa = PBXFileReference; fileEncoding = 4; lastKnownFileType = sourcecode.swift; name = AskExpertTableViewCell.swift; path = Expert/AskExpertTableViewCell.swift; sourceTree = "<group>"; };
		965A54081CF1D4E600CA9B53 /* AskExpertTableViewCell.xib */ = {isa = PBXFileReference; fileEncoding = 4; lastKnownFileType = file.xib; name = AskExpertTableViewCell.xib; path = Expert/AskExpertTableViewCell.xib; sourceTree = "<group>"; };
		965A540B1CF1E23200CA9B53 /* ExpertAndMeViewController.swift */ = {isa = PBXFileReference; fileEncoding = 4; lastKnownFileType = sourcecode.swift; name = ExpertAndMeViewController.swift; path = Expert/ExpertAndMeViewController.swift; sourceTree = "<group>"; };
		965A540D1CF1F03D00CA9B53 /* MyReplyTableViewCell.swift */ = {isa = PBXFileReference; fileEncoding = 4; lastKnownFileType = sourcecode.swift; name = MyReplyTableViewCell.swift; path = Expert/MyReplyTableViewCell.swift; sourceTree = "<group>"; };
		965A540E1CF1F03D00CA9B53 /* MyReplyTableViewCell.xib */ = {isa = PBXFileReference; fileEncoding = 4; lastKnownFileType = file.xib; name = MyReplyTableViewCell.xib; path = Expert/MyReplyTableViewCell.xib; sourceTree = "<group>"; };
		9677B7A91CF5B686008ADEA4 /* AlertTimeChooseViewController.swift */ = {isa = PBXFileReference; fileEncoding = 4; lastKnownFileType = sourcecode.swift; name = AlertTimeChooseViewController.swift; path = FarmlandCard/Config/AlertTimeChooseViewController.swift; sourceTree = "<group>"; };
		9677B7AB1CF5C63A008ADEA4 /* AlertCropsChooseViewController.swift */ = {isa = PBXFileReference; fileEncoding = 4; lastKnownFileType = sourcecode.swift; name = AlertCropsChooseViewController.swift; path = FarmlandCard/Config/AlertCropsChooseViewController.swift; sourceTree = "<group>"; };
		9677B7AD1CF5C70E008ADEA4 /* CropClassTableViewCell.swift */ = {isa = PBXFileReference; fileEncoding = 4; lastKnownFileType = sourcecode.swift; name = CropClassTableViewCell.swift; path = FarmlandCard/Config/CropClassTableViewCell.swift; sourceTree = "<group>"; };
		9677B7AE1CF5C70E008ADEA4 /* CropClassTableViewCell.xib */ = {isa = PBXFileReference; fileEncoding = 4; lastKnownFileType = file.xib; name = CropClassTableViewCell.xib; path = FarmlandCard/Config/CropClassTableViewCell.xib; sourceTree = "<group>"; };
		9677B7B11CF5D233008ADEA4 /* CropsChooseViewController.swift */ = {isa = PBXFileReference; fileEncoding = 4; lastKnownFileType = sourcecode.swift; name = CropsChooseViewController.swift; path = FarmlandCard/Config/CropsChooseViewController.swift; sourceTree = "<group>"; };
		9677B7B31CF5D319008ADEA4 /* CropsCollectionViewCell.swift */ = {isa = PBXFileReference; fileEncoding = 4; lastKnownFileType = sourcecode.swift; name = CropsCollectionViewCell.swift; path = FarmlandCard/Config/CropsCollectionViewCell.swift; sourceTree = "<group>"; };
		9677B7B41CF5D319008ADEA4 /* CropsCollectionViewCell.xib */ = {isa = PBXFileReference; fileEncoding = 4; lastKnownFileType = file.xib; name = CropsCollectionViewCell.xib; path = FarmlandCard/Config/CropsCollectionViewCell.xib; sourceTree = "<group>"; };
		9677B7B71CF5FCA9008ADEA4 /* AreaGetWayChooseViewController.swift */ = {isa = PBXFileReference; fileEncoding = 4; lastKnownFileType = sourcecode.swift; name = AreaGetWayChooseViewController.swift; path = FarmlandCard/Config/AreaGetWayChooseViewController.swift; sourceTree = "<group>"; };
		9677B7B91CF688AF008ADEA4 /* AreaViewController.swift */ = {isa = PBXFileReference; fileEncoding = 4; lastKnownFileType = sourcecode.swift; name = AreaViewController.swift; path = FarmlandCard/Config/AreaViewController.swift; sourceTree = "<group>"; };
		9677B7BB1CF688C1008ADEA4 /* GPSWayViewController.swift */ = {isa = PBXFileReference; fileEncoding = 4; lastKnownFileType = sourcecode.swift; name = GPSWayViewController.swift; path = FarmlandCard/Config/GPSWayViewController.swift; sourceTree = "<group>"; };
		9677B7C01CF6986C008ADEA4 /* AMap.bundle */ = {isa = PBXFileReference; lastKnownFileType = "wrapper.plug-in"; path = AMap.bundle; sourceTree = "<group>"; };
		9677B7C11CF6986C008ADEA4 /* MAMapKit.framework */ = {isa = PBXFileReference; lastKnownFileType = wrapper.framework; path = MAMapKit.framework; sourceTree = "<group>"; };
		9677B7C71CF698D9008ADEA4 /* UIKit.framework */ = {isa = PBXFileReference; lastKnownFileType = wrapper.framework; name = UIKit.framework; path = System/Library/Frameworks/UIKit.framework; sourceTree = SDKROOT; };
		9677B7C91CF698E0008ADEA4 /* Foundation.framework */ = {isa = PBXFileReference; lastKnownFileType = wrapper.framework; name = Foundation.framework; path = System/Library/Frameworks/Foundation.framework; sourceTree = SDKROOT; };
		9677B7CB1CF698E6008ADEA4 /* CoreGraphics.framework */ = {isa = PBXFileReference; lastKnownFileType = wrapper.framework; name = CoreGraphics.framework; path = System/Library/Frameworks/CoreGraphics.framework; sourceTree = SDKROOT; };
		9677B7CD1CF698EC008ADEA4 /* QuartzCore.framework */ = {isa = PBXFileReference; lastKnownFileType = wrapper.framework; name = QuartzCore.framework; path = System/Library/Frameworks/QuartzCore.framework; sourceTree = SDKROOT; };
		9677B7CF1CF698F3008ADEA4 /* OpenGLES.framework */ = {isa = PBXFileReference; lastKnownFileType = wrapper.framework; name = OpenGLES.framework; path = System/Library/Frameworks/OpenGLES.framework; sourceTree = SDKROOT; };
		9677B7D11CF69918008ADEA4 /* CoreLocation.framework */ = {isa = PBXFileReference; lastKnownFileType = wrapper.framework; name = CoreLocation.framework; path = System/Library/Frameworks/CoreLocation.framework; sourceTree = SDKROOT; };
		9677B7D31CF6991E008ADEA4 /* CoreTelephony.framework */ = {isa = PBXFileReference; lastKnownFileType = wrapper.framework; name = CoreTelephony.framework; path = System/Library/Frameworks/CoreTelephony.framework; sourceTree = SDKROOT; };
		9677B7D51CF6992E008ADEA4 /* libz.1.1.3.tbd */ = {isa = PBXFileReference; lastKnownFileType = "sourcecode.text-based-dylib-definition"; name = libz.1.1.3.tbd; path = usr/lib/libz.1.1.3.tbd; sourceTree = SDKROOT; };
		9677B7D71CF6993E008ADEA4 /* libstdc++.6.0.9.tbd */ = {isa = PBXFileReference; lastKnownFileType = "sourcecode.text-based-dylib-definition"; name = "libstdc++.6.0.9.tbd"; path = "usr/lib/libstdc++.6.0.9.tbd"; sourceTree = SDKROOT; };
		9677B7D91CF69951008ADEA4 /* libc++.tbd */ = {isa = PBXFileReference; lastKnownFileType = "sourcecode.text-based-dylib-definition"; name = "libc++.tbd"; path = "usr/lib/libc++.tbd"; sourceTree = SDKROOT; };
		9677B7DB1CF69958008ADEA4 /* Security.framework */ = {isa = PBXFileReference; lastKnownFileType = wrapper.framework; name = Security.framework; path = System/Library/Frameworks/Security.framework; sourceTree = SDKROOT; };
		9677B7E11CF6A3D9008ADEA4 /* AMapSearchKit.framework */ = {isa = PBXFileReference; lastKnownFileType = wrapper.framework; path = AMapSearchKit.framework; sourceTree = "<group>"; };
		9677B7E71CF6A4BB008ADEA4 /* MAMapKit-2.framework */ = {isa = PBXFileReference; lastKnownFileType = wrapper.framework; name = "MAMapKit-2.framework"; path = "../../../Downloads/MAMapKit-2.framework"; sourceTree = "<group>"; };
		9677B7E91CF6A4BF008ADEA4 /* AMapFoundationKit.framework */ = {isa = PBXFileReference; lastKnownFileType = wrapper.framework; name = AMapFoundationKit.framework; path = ../../../Downloads/AMapFoundationKit.framework; sourceTree = "<group>"; };
		968888FC1CEE018A00B99FD4 /* TYViewController.swift */ = {isa = PBXFileReference; fileEncoding = 4; lastKnownFileType = sourcecode.swift; name = TYViewController.swift; path = Base/TYViewController.swift; sourceTree = "<group>"; };
		968888FE1CEE01F800B99FD4 /* TYNavigationViewController.swift */ = {isa = PBXFileReference; fileEncoding = 4; lastKnownFileType = sourcecode.swift; name = TYNavigationViewController.swift; path = Base/TYNavigationViewController.swift; sourceTree = "<group>"; };
		968889001CEE027A00B99FD4 /* MainViewController.swift */ = {isa = PBXFileReference; fileEncoding = 4; lastKnownFileType = sourcecode.swift; name = MainViewController.swift; path = Home/MainViewController.swift; sourceTree = "<group>"; };
		968889061CEE9C1800B99FD4 /* AlertAddDeviceViewController.swift */ = {isa = PBXFileReference; fileEncoding = 4; lastKnownFileType = sourcecode.swift; name = AlertAddDeviceViewController.swift; path = AddDevice/AlertAddDeviceViewController.swift; sourceTree = "<group>"; };
		9688890B1CEE9C5700B99FD4 /* AddDevice.storyboard */ = {isa = PBXFileReference; fileEncoding = 4; lastKnownFileType = file.storyboard; name = AddDevice.storyboard; path = AddDevice/AddDevice.storyboard; sourceTree = "<group>"; };
		9688890D1CEEA98200B99FD4 /* AlertAddDeviceSecondViewController.swift */ = {isa = PBXFileReference; fileEncoding = 4; lastKnownFileType = sourcecode.swift; name = AlertAddDeviceSecondViewController.swift; path = AddDevice/AlertAddDeviceSecondViewController.swift; sourceTree = "<group>"; };
		9688890F1CEEAAEB00B99FD4 /* AlertAddDeviceThirdViewController.swift */ = {isa = PBXFileReference; fileEncoding = 4; lastKnownFileType = sourcecode.swift; name = AlertAddDeviceThirdViewController.swift; path = AddDevice/AlertAddDeviceThirdViewController.swift; sourceTree = "<group>"; };
		968889111CEEB13800B99FD4 /* AlertAddDeviceFourViewController.swift */ = {isa = PBXFileReference; fileEncoding = 4; lastKnownFileType = sourcecode.swift; name = AlertAddDeviceFourViewController.swift; path = AddDevice/AlertAddDeviceFourViewController.swift; sourceTree = "<group>"; };
		968889131CEF23BA00B99FD4 /* SystemConfiguration.framework */ = {isa = PBXFileReference; lastKnownFileType = wrapper.framework; name = SystemConfiguration.framework; path = System/Library/Frameworks/SystemConfiguration.framework; sourceTree = SDKROOT; };
		968889151CEF24DE00B99FD4 /* TYExtension.swift */ = {isa = PBXFileReference; fileEncoding = 4; lastKnownFileType = sourcecode.swift; name = TYExtension.swift; path = Config/TYExtension.swift; sourceTree = "<group>"; };
		9697638B1CF83EE700F11E7C /* UserCenterViewController.swift */ = {isa = PBXFileReference; fileEncoding = 4; lastKnownFileType = sourcecode.swift; name = UserCenterViewController.swift; path = Login/UserCenterViewController.swift; sourceTree = "<group>"; };
		9697638E1CF861F300F11E7C /* ForumModel.swift */ = {isa = PBXFileReference; fileEncoding = 4; lastKnownFileType = sourcecode.swift; name = ForumModel.swift; path = Forum/ForumModel.swift; sourceTree = "<group>"; };
		9699F1BB1CEF40BF0013031B /* FarmlandCardTableViewCell.swift */ = {isa = PBXFileReference; fileEncoding = 4; lastKnownFileType = sourcecode.swift; name = FarmlandCardTableViewCell.swift; path = FarmlandCard/FarmlandCardTableViewCell.swift; sourceTree = "<group>"; };
		9699F1BC1CEF40BF0013031B /* FarmlandCardTableViewCell.xib */ = {isa = PBXFileReference; fileEncoding = 4; lastKnownFileType = file.xib; name = FarmlandCardTableViewCell.xib; path = FarmlandCard/FarmlandCardTableViewCell.xib; sourceTree = "<group>"; };
		96A04E891D44D9EB00EE66CA /* ExpertClassChooseTableViewCell.swift */ = {isa = PBXFileReference; fileEncoding = 4; lastKnownFileType = sourcecode.swift; name = ExpertClassChooseTableViewCell.swift; path = Expert/ExpertClassChooseTableViewCell.swift; sourceTree = "<group>"; };
		96A04E8A1D44D9EB00EE66CA /* ExpertClassChooseTableViewCell.xib */ = {isa = PBXFileReference; fileEncoding = 4; lastKnownFileType = file.xib; name = ExpertClassChooseTableViewCell.xib; path = Expert/ExpertClassChooseTableViewCell.xib; sourceTree = "<group>"; };
		96A04E8D1D44DA6D00EE66CA /* ExpertClassChooseTableHeadView.swift */ = {isa = PBXFileReference; fileEncoding = 4; lastKnownFileType = sourcecode.swift; name = ExpertClassChooseTableHeadView.swift; path = Expert/ExpertClassChooseTableHeadView.swift; sourceTree = "<group>"; };
		96A04E8F1D44DD3A00EE66CA /* ExpertClassChooseCollectionViewCell.swift */ = {isa = PBXFileReference; fileEncoding = 4; lastKnownFileType = sourcecode.swift; name = ExpertClassChooseCollectionViewCell.swift; path = Expert/ExpertClassChooseCollectionViewCell.swift; sourceTree = "<group>"; };
		96A04E901D44DD3A00EE66CA /* ExpertClassChooseCollectionViewCell.xib */ = {isa = PBXFileReference; fileEncoding = 4; lastKnownFileType = file.xib; name = ExpertClassChooseCollectionViewCell.xib; path = Expert/ExpertClassChooseCollectionViewCell.xib; sourceTree = "<group>"; };
		96A567AC1CF71551000733A1 /* Realm.framework */ = {isa = PBXFileReference; lastKnownFileType = wrapper.framework; name = Realm.framework; path = "/Users/jason/Desktop/PriProject/智慧田园/Realm.framework"; sourceTree = "<absolute>"; };
		96A567AD1CF71551000733A1 /* RealmSwift.framework */ = {isa = PBXFileReference; lastKnownFileType = wrapper.framework; name = RealmSwift.framework; path = "/Users/jason/Desktop/PriProject/智慧田园/RealmSwift.framework"; sourceTree = "<absolute>"; };
		96A567B61CF72F03000733A1 /* LoginHomeViewController.swift */ = {isa = PBXFileReference; fileEncoding = 4; lastKnownFileType = sourcecode.swift; name = LoginHomeViewController.swift; path = Login/LoginHomeViewController.swift; sourceTree = "<group>"; };
		96A567B81CF72FEA000733A1 /* LoginViewController.swift */ = {isa = PBXFileReference; fileEncoding = 4; lastKnownFileType = sourcecode.swift; name = LoginViewController.swift; path = Login/LoginViewController.swift; sourceTree = "<group>"; };
		96A567BB1CF73B25000733A1 /* TYUserDefault.swift */ = {isa = PBXFileReference; fileEncoding = 4; lastKnownFileType = sourcecode.swift; name = TYUserDefault.swift; path = Config/TYUserDefault.swift; sourceTree = "<group>"; };
		96A567BE1CF73B6F000733A1 /* NetWork.swift */ = {isa = PBXFileReference; fileEncoding = 4; lastKnownFileType = sourcecode.swift; name = NetWork.swift; path = NetWork/NetWork.swift; sourceTree = "<group>"; };
		96A567C01CF73D80000733A1 /* RegisterViewController.swift */ = {isa = PBXFileReference; fileEncoding = 4; lastKnownFileType = sourcecode.swift; name = RegisterViewController.swift; path = Login/RegisterViewController.swift; sourceTree = "<group>"; };
		96A567C41CF7DF73000733A1 /* NetWorkManager.swift */ = {isa = PBXFileReference; fileEncoding = 4; lastKnownFileType = sourcecode.swift; name = NetWorkManager.swift; path = NetWorkManager/NetWorkManager.swift; sourceTree = "<group>"; };
		96AC87511D3F6F5C0075C451 /* ExpertModel.swift */ = {isa = PBXFileReference; fileEncoding = 4; lastKnownFileType = sourcecode.swift; name = ExpertModel.swift; path = Expert/ExpertModel.swift; sourceTree = "<group>"; };
		96D040941D42343200011D15 /* ExpertClassChooseController.swift */ = {isa = PBXFileReference; fileEncoding = 4; lastKnownFileType = sourcecode.swift; name = ExpertClassChooseController.swift; path = Expert/ExpertClassChooseController.swift; sourceTree = "<group>"; };
		96D29D8C1D3F976800B990DB /* ExpertClient.swift */ = {isa = PBXFileReference; fileEncoding = 4; lastKnownFileType = sourcecode.swift; name = ExpertClient.swift; path = Expert/ExpertClient.swift; sourceTree = "<group>"; };
		BB38657AA1CBDF22B65A16CC /* Pods-智慧田园.release.xcconfig */ = {isa = PBXFileReference; includeInIndex = 1; lastKnownFileType = text.xcconfig; name = "Pods-智慧田园.release.xcconfig"; path = "Pods/Target Support Files/Pods-智慧田园/Pods-智慧田园.release.xcconfig"; sourceTree = "<group>"; };
/* End PBXFileReference section */

/* Begin PBXFrameworksBuildPhase section */
		96336E331CED569400BA5BF3 /* Frameworks */ = {
			isa = PBXFrameworksBuildPhase;
			buildActionMask = 2147483647;
			files = (
				96A567AE1CF71551000733A1 /* Realm.framework in Frameworks */,
				968889141CEF23BA00B99FD4 /* SystemConfiguration.framework in Frameworks */,
				96A567B21CF71563000733A1 /* RealmSwift.framework in Frameworks */,
				C9A1C89BA3BC187084745576 /* Pods_____.framework in Frameworks */,
			);
			runOnlyForDeploymentPostprocessing = 0;
		};
		96336E471CED569500BA5BF3 /* Frameworks */ = {
			isa = PBXFrameworksBuildPhase;
			buildActionMask = 2147483647;
			files = (
			);
			runOnlyForDeploymentPostprocessing = 0;
		};
		96336E521CED569500BA5BF3 /* Frameworks */ = {
			isa = PBXFrameworksBuildPhase;
			buildActionMask = 2147483647;
			files = (
			);
			runOnlyForDeploymentPostprocessing = 0;
		};
/* End PBXFrameworksBuildPhase section */

/* Begin PBXGroup section */
		05B6926B35AD3B39BF649183 /* Pods */ = {
			isa = PBXGroup;
			children = (
				800828A745BC94227B7D9391 /* Pods-智慧田园.debug.xcconfig */,
				BB38657AA1CBDF22B65A16CC /* Pods-智慧田园.release.xcconfig */,
			);
			name = Pods;
			sourceTree = "<group>";
		};
		7BE539810E714B91C1B5BA81 /* Frameworks */ = {
			isa = PBXGroup;
			children = (
				961DF0761CF6B95D00A8942D /* libz.tbd */,
				961DF0741CF6ACE700A8942D /* MapKit.framework */,
				9677B7E91CF6A4BF008ADEA4 /* AMapFoundationKit.framework */,
				9677B7E71CF6A4BB008ADEA4 /* MAMapKit-2.framework */,
				9677B7E11CF6A3D9008ADEA4 /* AMapSearchKit.framework */,
				9677B7DB1CF69958008ADEA4 /* Security.framework */,
				9677B7D91CF69951008ADEA4 /* libc++.tbd */,
				9677B7D71CF6993E008ADEA4 /* libstdc++.6.0.9.tbd */,
				9677B7D51CF6992E008ADEA4 /* libz.1.1.3.tbd */,
				9677B7D31CF6991E008ADEA4 /* CoreTelephony.framework */,
				9677B7D11CF69918008ADEA4 /* CoreLocation.framework */,
				9677B7CF1CF698F3008ADEA4 /* OpenGLES.framework */,
				9677B7CD1CF698EC008ADEA4 /* QuartzCore.framework */,
				9677B7CB1CF698E6008ADEA4 /* CoreGraphics.framework */,
				9677B7C91CF698E0008ADEA4 /* Foundation.framework */,
				9677B7C71CF698D9008ADEA4 /* UIKit.framework */,
				9677B7C01CF6986C008ADEA4 /* AMap.bundle */,
				9677B7C11CF6986C008ADEA4 /* MAMapKit.framework */,
				968889131CEF23BA00B99FD4 /* SystemConfiguration.framework */,
				369374F3B9AB6392C3D772EC /* Pods_____.framework */,
			);
			name = Frameworks;
			sourceTree = "<group>";
		};
		9603B89E1D41CAF40082AF84 /* MulitChooseSwiftTests */ = {
			isa = PBXGroup;
			children = (
				9603B89F1D41CAF40082AF84 /* MulitChooseSwiftTests.swift */,
				9603B8A11D41CAF40082AF84 /* Info.plist */,
			);
			path = MulitChooseSwiftTests;
			sourceTree = "<group>";
		};
		9603B8A91D41CAF40082AF84 /* MulitChooseSwiftUITests */ = {
			isa = PBXGroup;
			children = (
				9603B8AA1D41CAF40082AF84 /* MulitChooseSwiftUITests.swift */,
				9603B8AC1D41CAF40082AF84 /* Info.plist */,
			);
			path = MulitChooseSwiftUITests;
			sourceTree = "<group>";
		};
		96076C501CF9B5E7002E3F1E /* WisdomTask */ = {
			isa = PBXGroup;
			children = (
				96076C551CF9C1CE002E3F1E /* WisdomTask.swift */,
				96076C531CF9C1B7002E3F1E /* WidomTaskModel.swift */,
			);
			name = WisdomTask;
			sourceTree = "<group>";
		};
		962ABF521CF2893200990AC2 /* Instroduce */ = {
			isa = PBXGroup;
			children = (
				962ABF561CF2896700990AC2 /* View */,
				962ABF551CF2895D00990AC2 /* Controller */,
			);
			name = Instroduce;
			sourceTree = "<group>";
		};
		962ABF551CF2895D00990AC2 /* Controller */ = {
			isa = PBXGroup;
			children = (
				962ABF531CF2895800990AC2 /* InstroduceViewController.swift */,
			);
			name = Controller;
			sourceTree = "<group>";
		};
		962ABF561CF2896700990AC2 /* View */ = {
			isa = PBXGroup;
			children = (
				962ABF571CF2898400990AC2 /* InstroduceHeaderView.swift */,
				962ABF591CF29ECB00990AC2 /* InstroduceTableViewCell.swift */,
				962ABF5A1CF29ECB00990AC2 /* InstroduceTableViewCell.xib */,
			);
			name = View;
			sourceTree = "<group>";
		};
		962ABF5D1CF2AB8C00990AC2 /* Model */ = {
			isa = PBXGroup;
			children = (
				962ABF5E1CF2ABAD00990AC2 /* TaskModel.swift */,
			);
			name = Model;
			sourceTree = "<group>";
		};
		962ABF601CF2B26E00990AC2 /* Record */ = {
			isa = PBXGroup;
			children = (
				963D2D8C1D4CD78F00375E23 /* Controller */,
			);
			name = Record;
			sourceTree = "<group>";
		};
		96336E2D1CED569400BA5BF3 = {
			isa = PBXGroup;
			children = (
				96336E381CED569400BA5BF3 /* 智慧田园 */,
				96336E4D1CED569500BA5BF3 /* 智慧田园Tests */,
				96336E581CED569500BA5BF3 /* 智慧田园UITests */,
				9603B89E1D41CAF40082AF84 /* MulitChooseSwiftTests */,
				9603B8A91D41CAF40082AF84 /* MulitChooseSwiftUITests */,
				96336E371CED569400BA5BF3 /* Products */,
				7BE539810E714B91C1B5BA81 /* Frameworks */,
				05B6926B35AD3B39BF649183 /* Pods */,
			);
			sourceTree = "<group>";
		};
		96336E371CED569400BA5BF3 /* Products */ = {
			isa = PBXGroup;
			children = (
				96336E361CED569400BA5BF3 /* 智慧田园.app */,
				96336E4A1CED569500BA5BF3 /* 智慧田园Tests.xctest */,
				96336E551CED569500BA5BF3 /* 智慧田园UITests.xctest */,
			);
			name = Products;
			sourceTree = "<group>";
		};
		96336E381CED569400BA5BF3 /* 智慧田园 */ = {
			isa = PBXGroup;
			children = (
				963BDD271CFB424F003DB16E /* Analyze */,
				96076C501CF9B5E7002E3F1E /* WisdomTask */,
				96A567B51CF72EEB000733A1 /* Login */,
				962ABF601CF2B26E00990AC2 /* Record */,
				962ABF521CF2893200990AC2 /* Instroduce */,
				965A53FE1CF1D36B00CA9B53 /* Expert */,
				965A53DB1CF1366C00CA9B53 /* Forum */,
				9699F1BA1CEF407C0013031B /* FarmlandCard */,
				9688890A1CEE9C2700B99FD4 /* AddDevice */,
				968889021CEE028100B99FD4 /* Home */,
				96A567C31CF7DF33000733A1 /* NetWorkManager */,
				968889041CEE035E00B99FD4 /* Config */,
				968888FB1CEE011200B99FD4 /* Base */,
				9677B7C61CF698BA008ADEA4 /* Resource */,
				963D2D8B1D4CD76000375E23 /* Extension */,
				96336E391CED569400BA5BF3 /* AppDelegate.swift */,
				96336E3D1CED569400BA5BF3 /* Main.storyboard */,
				96336E401CED569400BA5BF3 /* Assets.xcassets */,
				96336E421CED569400BA5BF3 /* LaunchScreen.storyboard */,
				96336E451CED569400BA5BF3 /* Info.plist */,
			);
			path = "智慧田园";
			sourceTree = "<group>";
		};
		96336E4D1CED569500BA5BF3 /* 智慧田园Tests */ = {
			isa = PBXGroup;
			children = (
				96336E4E1CED569500BA5BF3 /* ____Tests.swift */,
				96336E501CED569500BA5BF3 /* Info.plist */,
			);
			path = "智慧田园Tests";
			sourceTree = "<group>";
		};
		96336E581CED569500BA5BF3 /* 智慧田园UITests */ = {
			isa = PBXGroup;
			children = (
				96336E591CED569500BA5BF3 /* ____UITests.swift */,
				96336E5B1CED569500BA5BF3 /* Info.plist */,
			);
			path = "智慧田园UITests";
			sourceTree = "<group>";
		};
		96336E6B1CED57C300BA5BF3 /* Font */ = {
			isa = PBXGroup;
			children = (
				96336E671CED57AA00BA5BF3 /* 兰亭黑 GBK.TTF */,
				96336E681CED57AA00BA5BF3 /* 兰亭细黑 GBK Mobil.TTF */,
			);
			name = Font;
			path = "智慧田园";
			sourceTree = "<group>";
		};
		963BDD271CFB424F003DB16E /* Analyze */ = {
			isa = PBXGroup;
			children = (
				963BDD431CFBD127003DB16E /* Fertilize */,
				963BDD401CFB6866003DB16E /* Sun */,
				963BDD3D1CFB6811003DB16E /* Soil */,
				963BDD3A1CFB64FE003DB16E /* Air */,
				963BDD331CFB4FDA003DB16E /* Growth */,
				963BDD2E1CFB4D8E003DB16E /* View */,
				963BDD2A1CFB428E003DB16E /* Controller */,
			);
			name = Analyze;
			sourceTree = "<group>";
		};
		963BDD2A1CFB428E003DB16E /* Controller */ = {
			isa = PBXGroup;
			children = (
				963BDD281CFB427A003DB16E /* AnalyzeViewController.swift */,
			);
			name = Controller;
			sourceTree = "<group>";
		};
		963BDD2E1CFB4D8E003DB16E /* View */ = {
			isa = PBXGroup;
			children = (
				963BDD2F1CFB4DB8003DB16E /* AnalyzeCollectionViewCell.swift */,
				963BDD361CFB6125003DB16E /* TYAnalyze.swift */,
				963BDD381CFB6134003DB16E /* TYAnalyze.xib */,
			);
			name = View;
			sourceTree = "<group>";
		};
		963BDD331CFB4FDA003DB16E /* Growth */ = {
			isa = PBXGroup;
			children = (
				963BDD341CFB5002003DB16E /* GrowthViewController.swift */,
			);
			name = Growth;
			sourceTree = "<group>";
		};
		963BDD3A1CFB64FE003DB16E /* Air */ = {
			isa = PBXGroup;
			children = (
				963BDD3B1CFB6513003DB16E /* AirViewController.swift */,
			);
			name = Air;
			sourceTree = "<group>";
		};
		963BDD3D1CFB6811003DB16E /* Soil */ = {
			isa = PBXGroup;
			children = (
				963BDD3E1CFB682A003DB16E /* SoilViewController.swift */,
			);
			name = Soil;
			sourceTree = "<group>";
		};
		963BDD401CFB6866003DB16E /* Sun */ = {
			isa = PBXGroup;
			children = (
				963BDD411CFB6874003DB16E /* SunViewController.swift */,
			);
			name = Sun;
			sourceTree = "<group>";
		};
		963BDD431CFBD127003DB16E /* Fertilize */ = {
			isa = PBXGroup;
			children = (
				963BDD441CFBD152003DB16E /* FertilizeViewController.swift */,
			);
			name = Fertilize;
			sourceTree = "<group>";
		};
		963D2D8B1D4CD76000375E23 /* Extension */ = {
			isa = PBXGroup;
			children = (
				965A53E71CF13BEC00CA9B53 /* PageButton */,
				96B89AFC1D3625C200B92ECF /* MessagePhotoScanController */,
			);
			name = Extension;
			sourceTree = "<group>";
		};
		963D2D8C1D4CD78F00375E23 /* Controller */ = {
			isa = PBXGroup;
			children = (
				9638713E1CF4039C00653D11 /* NewRecordViewController.swift */,
			);
			name = Controller;
			sourceTree = "<group>";
		};
		965A53C31CF072AD00CA9B53 /* View */ = {
			isa = PBXGroup;
			children = (
				9699F1BB1CEF40BF0013031B /* FarmlandCardTableViewCell.swift */,
				9699F1BC1CEF40BF0013031B /* FarmlandCardTableViewCell.xib */,
			);
			name = View;
			sourceTree = "<group>";
		};
		965A53CC1CF0782400CA9B53 /* View */ = {
			isa = PBXGroup;
			children = (
				965A53CE1CF078A500CA9B53 /* TaskTableViewCell.swift */,
				965A53CF1CF078A500CA9B53 /* TaskTableViewCell.xib */,
			);
			name = View;
			sourceTree = "<group>";
		};
		965A53CD1CF0782B00CA9B53 /* Controller */ = {
			isa = PBXGroup;
			children = (
				965A53C11CF014D900CA9B53 /* CardDetailViewController.swift */,
				963BDD221CFAB0F4003DB16E /* TaskDetailViewController.swift */,
			);
			name = Controller;
			sourceTree = "<group>";
		};
		965A53D21CF0895B00CA9B53 /* Config */ = {
			isa = PBXGroup;
			children = (
				965A53D61CF0910800CA9B53 /* View */,
				965A53D51CF090FD00CA9B53 /* Controller */,
			);
			name = Config;
			sourceTree = "<group>";
		};
		965A53D51CF090FD00CA9B53 /* Controller */ = {
			isa = PBXGroup;
			children = (
				9677B7BF1CF68BD8008ADEA4 /* Time */,
				9677B7BE1CF68BC7008ADEA4 /* Crops */,
				9677B7BD1CF68BBA008ADEA4 /* Area */,
				965A53D31CF0898800CA9B53 /* FarmlandConfigureViewController.swift */,
			);
			name = Controller;
			sourceTree = "<group>";
		};
		965A53D61CF0910800CA9B53 /* View */ = {
			isa = PBXGroup;
			children = (
				965A53D71CF0916100CA9B53 /* FarmlandConfigTableViewCell.swift */,
				965A53D81CF0916100CA9B53 /* FarmlandConfigTableViewCell.xib */,
				9677B7AD1CF5C70E008ADEA4 /* CropClassTableViewCell.swift */,
				9677B7AE1CF5C70E008ADEA4 /* CropClassTableViewCell.xib */,
				9677B7B31CF5D319008ADEA4 /* CropsCollectionViewCell.swift */,
				9677B7B41CF5D319008ADEA4 /* CropsCollectionViewCell.xib */,
			);
			name = View;
			sourceTree = "<group>";
		};
		965A53DB1CF1366C00CA9B53 /* Forum */ = {
			isa = PBXGroup;
			children = (
				9697638D1CF861C200F11E7C /* Model */,
				965A53EB1CF1616B00CA9B53 /* View */,
				965A53EA1CF1616100CA9B53 /* Controller */,
			);
			name = Forum;
			sourceTree = "<group>";
		};
		965A53E71CF13BEC00CA9B53 /* PageButton */ = {
			isa = PBXGroup;
			children = (
				965A53E81CF13C3700CA9B53 /* PageButtonMidLine.swift */,
			);
			name = PageButton;
			sourceTree = "<group>";
		};
		965A53EA1CF1616100CA9B53 /* Controller */ = {
			isa = PBXGroup;
			children = (
				965A53F31CF18FE800CA9B53 /* PushNewForumViewController.swift */,
				965A53DC1CF1369600CA9B53 /* ForumViewController.swift */,
				965A53F11CF1727400CA9B53 /* MeForumViewController.swift */,
				965A53F91CF19E5F00CA9B53 /* ForumDetailViewController.swift */,
			);
			name = Controller;
			sourceTree = "<group>";
		};
		965A53EB1CF1616B00CA9B53 /* View */ = {
			isa = PBXGroup;
			children = (
				965A53EC1CF1618100CA9B53 /* ForumTableViewCell.swift */,
				965A53ED1CF1618100CA9B53 /* ForumTableViewCell.xib */,
				965A53F51CF19A7200CA9B53 /* ReplyTableViewCell.swift */,
				965A53F61CF19A7200CA9B53 /* ReplyTableViewCell.xib */,
			);
			name = View;
			sourceTree = "<group>";
		};
		965A53FE1CF1D36B00CA9B53 /* Expert */ = {
			isa = PBXGroup;
			children = (
				96AC87501D3F6E760075C451 /* Model */,
				965A54021CF1D49800CA9B53 /* View */,
				965A53FF1CF1D37100CA9B53 /* Controller */,
			);
			name = Expert;
			sourceTree = "<group>";
		};
		965A53FF1CF1D37100CA9B53 /* Controller */ = {
			isa = PBXGroup;
			children = (
				965A540B1CF1E23200CA9B53 /* ExpertAndMeViewController.swift */,
				965A54001CF1D38300CA9B53 /* ExpertViewController.swift */,
				96D040941D42343200011D15 /* ExpertClassChooseController.swift */,
			);
			name = Controller;
			sourceTree = "<group>";
		};
		965A54021CF1D49800CA9B53 /* View */ = {
			isa = PBXGroup;
			children = (
				965A54031CF1D4BE00CA9B53 /* ExpertReplyTableViewCell.swift */,
				965A54041CF1D4BE00CA9B53 /* ExpertReplyTableViewCell.xib */,
				965A540D1CF1F03D00CA9B53 /* MyReplyTableViewCell.swift */,
				965A540E1CF1F03D00CA9B53 /* MyReplyTableViewCell.xib */,
				965A54071CF1D4E600CA9B53 /* AskExpertTableViewCell.swift */,
				965A54081CF1D4E600CA9B53 /* AskExpertTableViewCell.xib */,
				96A04E891D44D9EB00EE66CA /* ExpertClassChooseTableViewCell.swift */,
				96A04E8A1D44D9EB00EE66CA /* ExpertClassChooseTableViewCell.xib */,
				96A04E8D1D44DA6D00EE66CA /* ExpertClassChooseTableHeadView.swift */,
				96A04E8F1D44DD3A00EE66CA /* ExpertClassChooseCollectionViewCell.swift */,
				96A04E901D44DD3A00EE66CA /* ExpertClassChooseCollectionViewCell.xib */,
			);
			name = View;
			sourceTree = "<group>";
		};
		9677B7BD1CF68BBA008ADEA4 /* Area */ = {
			isa = PBXGroup;
			children = (
				9677B7B71CF5FCA9008ADEA4 /* AreaGetWayChooseViewController.swift */,
				9677B7B91CF688AF008ADEA4 /* AreaViewController.swift */,
				9677B7BB1CF688C1008ADEA4 /* GPSWayViewController.swift */,
			);
			name = Area;
			sourceTree = "<group>";
		};
		9677B7BE1CF68BC7008ADEA4 /* Crops */ = {
			isa = PBXGroup;
			children = (
				9677B7AB1CF5C63A008ADEA4 /* AlertCropsChooseViewController.swift */,
				9677B7B11CF5D233008ADEA4 /* CropsChooseViewController.swift */,
			);
			name = Crops;
			sourceTree = "<group>";
		};
		9677B7BF1CF68BD8008ADEA4 /* Time */ = {
			isa = PBXGroup;
			children = (
				9677B7A91CF5B686008ADEA4 /* AlertTimeChooseViewController.swift */,
			);
			name = Time;
			sourceTree = "<group>";
		};
		9677B7C61CF698BA008ADEA4 /* Resource */ = {
			isa = PBXGroup;
			children = (
				96076C3B1CF964C8002E3F1E /* MBProgressHUD.bundle */,
				96336E6B1CED57C300BA5BF3 /* Font */,
			);
			name = Resource;
			path = ..;
			sourceTree = "<group>";
		};
		968888FB1CEE011200B99FD4 /* Base */ = {
			isa = PBXGroup;
			children = (
				968888FC1CEE018A00B99FD4 /* TYViewController.swift */,
				968888FE1CEE01F800B99FD4 /* TYNavigationViewController.swift */,
				965A53C61CF073D300CA9B53 /* TYTabBarItem.swift */,
			);
			name = Base;
			sourceTree = "<group>";
		};
		968889021CEE028100B99FD4 /* Home */ = {
			isa = PBXGroup;
			children = (
				965A53C31CF072AD00CA9B53 /* View */,
				968889031CEE028900B99FD4 /* Controller */,
			);
			name = Home;
			sourceTree = "<group>";
		};
		968889031CEE028900B99FD4 /* Controller */ = {
			isa = PBXGroup;
			children = (
				968889001CEE027A00B99FD4 /* MainViewController.swift */,
			);
			name = Controller;
			sourceTree = "<group>";
		};
		968889041CEE035E00B99FD4 /* Config */ = {
			isa = PBXGroup;
			children = (
				96076C381CF96148002E3F1E /* MBProgressHUD+MJ.h */,
				96076C391CF96148002E3F1E /* MBProgressHUD+MJ.m */,
				96A567BB1CF73B25000733A1 /* TYUserDefault.swift */,
				965A53BC1CF0011400CA9B53 /* Reachability.h */,
				965A53BD1CF0011400CA9B53 /* Reachability.m */,
				965A53BE1CF0011400CA9B53 /* TYConfig.swift */,
				968889151CEF24DE00B99FD4 /* TYExtension.swift */,
				961DF08C1CF6C79400A8942D /* TYHeader.h */,
			);
			name = Config;
			sourceTree = "<group>";
		};
		9688890A1CEE9C2700B99FD4 /* AddDevice */ = {
			isa = PBXGroup;
			children = (
				9688890B1CEE9C5700B99FD4 /* AddDevice.storyboard */,
				968889061CEE9C1800B99FD4 /* AlertAddDeviceViewController.swift */,
				9688890D1CEEA98200B99FD4 /* AlertAddDeviceSecondViewController.swift */,
				9688890F1CEEAAEB00B99FD4 /* AlertAddDeviceThirdViewController.swift */,
				968889111CEEB13800B99FD4 /* AlertAddDeviceFourViewController.swift */,
			);
			name = AddDevice;
			sourceTree = "<group>";
		};
		9697638D1CF861C200F11E7C /* Model */ = {
			isa = PBXGroup;
			children = (
				9697638E1CF861F300F11E7C /* ForumModel.swift */,
			);
			name = Model;
			sourceTree = "<group>";
		};
		9699F1BA1CEF407C0013031B /* FarmlandCard */ = {
			isa = PBXGroup;
			children = (
				962ABF5D1CF2AB8C00990AC2 /* Model */,
				965A53D21CF0895B00CA9B53 /* Config */,
				965A53CD1CF0782B00CA9B53 /* Controller */,
				965A53CC1CF0782400CA9B53 /* View */,
			);
			name = FarmlandCard;
			sourceTree = "<group>";
		};
		96A567B51CF72EEB000733A1 /* Login */ = {
			isa = PBXGroup;
			children = (
				96A567BA1CF72FEF000733A1 /* Controller */,
			);
			name = Login;
			sourceTree = "<group>";
		};
		96A567BA1CF72FEF000733A1 /* Controller */ = {
			isa = PBXGroup;
			children = (
				96A567B61CF72F03000733A1 /* LoginHomeViewController.swift */,
				96A567B81CF72FEA000733A1 /* LoginViewController.swift */,
				96A567C01CF73D80000733A1 /* RegisterViewController.swift */,
				9697638B1CF83EE700F11E7C /* UserCenterViewController.swift */,
			);
			name = Controller;
			sourceTree = "<group>";
		};
		96A567C31CF7DF33000733A1 /* NetWorkManager */ = {
			isa = PBXGroup;
			children = (
				96A567C41CF7DF73000733A1 /* NetWorkManager.swift */,
				96A567BE1CF73B6F000733A1 /* NetWork.swift */,
			);
			name = NetWorkManager;
			sourceTree = "<group>";
		};
		96AC87501D3F6E760075C451 /* Model */ = {
			isa = PBXGroup;
			children = (
				96AC87511D3F6F5C0075C451 /* ExpertModel.swift */,
				96D29D8C1D3F976800B990DB /* ExpertClient.swift */,
			);
			name = Model;
			sourceTree = "<group>";
		};
		96B89AFC1D3625C200B92ECF /* MessagePhotoScanController */ = {
			isa = PBXGroup;
			children = (
				963123071D3779A200476592 /* MessagePhotoScanController.swift */,
				963123081D3779A200476592 /* MessagePhotoView.swift */,
			);
			name = MessagePhotoScanController;
			sourceTree = "<group>";
		};
/* End PBXGroup section */

/* Begin PBXNativeTarget section */
		96336E351CED569400BA5BF3 /* 智慧田园 */ = {
			isa = PBXNativeTarget;
			buildConfigurationList = 96336E5E1CED569500BA5BF3 /* Build configuration list for PBXNativeTarget "智慧田园" */;
			buildPhases = (
				9972CF923208B11E6813783B /* Check Pods Manifest.lock */,
				BF3FA47709067C1A27CFE503 /* 📦 Check Pods Manifest.lock */,
				96336E321CED569400BA5BF3 /* Sources */,
				96336E331CED569400BA5BF3 /* Frameworks */,
				96336E341CED569400BA5BF3 /* Resources */,
				E3865FA0C3127EDA22655BE3 /* 📦 Embed Pods Frameworks */,
				59B309C9EC9ABA2D8A2E8C7E /* 📦 Copy Pods Resources */,
				96A567B41CF71563000733A1 /* Embed Frameworks */,
				960C45D61D2EBD1F00E896CC /* Embed Frameworks */,
				9183C421FBA89F5F101B7E01 /* Embed Pods Frameworks */,
				BB515B33BB43502C0D5C7EAA /* Copy Pods Resources */,
				96D0409F1D423E3500011D15 /* Embed PlugIns */,
			);
			buildRules = (
			);
			dependencies = (
			);
			name = "智慧田园";
			productName = "智慧田园";
			productReference = 96336E361CED569400BA5BF3 /* 智慧田园.app */;
			productType = "com.apple.product-type.application";
		};
		96336E491CED569500BA5BF3 /* 智慧田园Tests */ = {
			isa = PBXNativeTarget;
			buildConfigurationList = 96336E611CED569500BA5BF3 /* Build configuration list for PBXNativeTarget "智慧田园Tests" */;
			buildPhases = (
				96336E461CED569500BA5BF3 /* Sources */,
				96336E471CED569500BA5BF3 /* Frameworks */,
				96336E481CED569500BA5BF3 /* Resources */,
			);
			buildRules = (
			);
			dependencies = (
				96336E4C1CED569500BA5BF3 /* PBXTargetDependency */,
			);
			name = "智慧田园Tests";
			productName = "智慧田园Tests";
			productReference = 96336E4A1CED569500BA5BF3 /* 智慧田园Tests.xctest */;
			productType = "com.apple.product-type.bundle.unit-test";
		};
		96336E541CED569500BA5BF3 /* 智慧田园UITests */ = {
			isa = PBXNativeTarget;
			buildConfigurationList = 96336E641CED569500BA5BF3 /* Build configuration list for PBXNativeTarget "智慧田园UITests" */;
			buildPhases = (
				96336E511CED569500BA5BF3 /* Sources */,
				96336E521CED569500BA5BF3 /* Frameworks */,
				96336E531CED569500BA5BF3 /* Resources */,
			);
			buildRules = (
			);
			dependencies = (
				96336E571CED569500BA5BF3 /* PBXTargetDependency */,
			);
			name = "智慧田园UITests";
			productName = "智慧田园UITests";
			productReference = 96336E551CED569500BA5BF3 /* 智慧田园UITests.xctest */;
			productType = "com.apple.product-type.bundle.ui-testing";
		};
/* End PBXNativeTarget section */

/* Begin PBXProject section */
		96336E2E1CED569400BA5BF3 /* Project object */ = {
			isa = PBXProject;
			attributes = {
				LastSwiftUpdateCheck = 0730;
				LastUpgradeCheck = 0730;
				ORGANIZATIONNAME = jason;
				TargetAttributes = {
					96336E351CED569400BA5BF3 = {
						CreatedOnToolsVersion = 7.3.1;
						DevelopmentTeam = PG83M8BXTM;
						LastSwiftMigration = 0800;
						SystemCapabilities = {
							com.apple.BackgroundModes = {
								enabled = 1;
							};
							com.apple.Maps.iOS = {
								enabled = 1;
							};
							com.apple.VPNLite = {
								enabled = 0;
							};
						};
					};
					96336E491CED569500BA5BF3 = {
						CreatedOnToolsVersion = 7.3.1;
						LastSwiftMigration = 0800;
						TestTargetID = 96336E351CED569400BA5BF3;
					};
					96336E541CED569500BA5BF3 = {
						CreatedOnToolsVersion = 7.3.1;
						LastSwiftMigration = 0800;
						TestTargetID = 96336E351CED569400BA5BF3;
					};
				};
			};
			buildConfigurationList = 96336E311CED569400BA5BF3 /* Build configuration list for PBXProject "智慧田园" */;
			compatibilityVersion = "Xcode 3.2";
			developmentRegion = English;
			hasScannedForEncodings = 0;
			knownRegions = (
				en,
				Base,
			);
			mainGroup = 96336E2D1CED569400BA5BF3;
			productRefGroup = 96336E371CED569400BA5BF3 /* Products */;
			projectDirPath = "";
			projectRoot = "";
			targets = (
				96336E351CED569400BA5BF3 /* 智慧田园 */,
				96336E491CED569500BA5BF3 /* 智慧田园Tests */,
				96336E541CED569500BA5BF3 /* 智慧田园UITests */,
			);
		};
/* End PBXProject section */

/* Begin PBXResourcesBuildPhase section */
		96336E341CED569400BA5BF3 /* Resources */ = {
			isa = PBXResourcesBuildPhase;
			buildActionMask = 2147483647;
			files = (
				965A54061CF1D4BE00CA9B53 /* ExpertReplyTableViewCell.xib in Resources */,
				965A53F81CF19A7200CA9B53 /* ReplyTableViewCell.xib in Resources */,
				965A53DA1CF0916100CA9B53 /* FarmlandConfigTableViewCell.xib in Resources */,
				96A04E8C1D44D9EB00EE66CA /* ExpertClassChooseTableViewCell.xib in Resources */,
				96336E691CED57AA00BA5BF3 /* 兰亭黑 GBK.TTF in Resources */,
				965A54101CF1F03D00CA9B53 /* MyReplyTableViewCell.xib in Resources */,
				96076C3C1CF964C8002E3F1E /* MBProgressHUD.bundle in Resources */,
				9699F1BE1CEF40BF0013031B /* FarmlandCardTableViewCell.xib in Resources */,
				965A53EF1CF1618100CA9B53 /* ForumTableViewCell.xib in Resources */,
				96336E6A1CED57AA00BA5BF3 /* 兰亭细黑 GBK Mobil.TTF in Resources */,
				9677B7B01CF5C70E008ADEA4 /* CropClassTableViewCell.xib in Resources */,
				9688890C1CEE9C5700B99FD4 /* AddDevice.storyboard in Resources */,
				96A04E921D44DD3A00EE66CA /* ExpertClassChooseCollectionViewCell.xib in Resources */,
				9677B7B61CF5D319008ADEA4 /* CropsCollectionViewCell.xib in Resources */,
				965A53D11CF078A500CA9B53 /* TaskTableViewCell.xib in Resources */,
				965A540A1CF1D4E600CA9B53 /* AskExpertTableViewCell.xib in Resources */,
				963BDD391CFB6134003DB16E /* TYAnalyze.xib in Resources */,
				96336E441CED569400BA5BF3 /* LaunchScreen.storyboard in Resources */,
				96336E411CED569400BA5BF3 /* Assets.xcassets in Resources */,
				96336E3F1CED569400BA5BF3 /* Main.storyboard in Resources */,
				962ABF5C1CF29ECB00990AC2 /* InstroduceTableViewCell.xib in Resources */,
			);
			runOnlyForDeploymentPostprocessing = 0;
		};
		96336E481CED569500BA5BF3 /* Resources */ = {
			isa = PBXResourcesBuildPhase;
			buildActionMask = 2147483647;
			files = (
			);
			runOnlyForDeploymentPostprocessing = 0;
		};
		96336E531CED569500BA5BF3 /* Resources */ = {
			isa = PBXResourcesBuildPhase;
			buildActionMask = 2147483647;
			files = (
			);
			runOnlyForDeploymentPostprocessing = 0;
		};
/* End PBXResourcesBuildPhase section */

/* Begin PBXShellScriptBuildPhase section */
		59B309C9EC9ABA2D8A2E8C7E /* 📦 Copy Pods Resources */ = {
			isa = PBXShellScriptBuildPhase;
			buildActionMask = 2147483647;
			files = (
			);
			inputPaths = (
			);
			name = "📦 Copy Pods Resources";
			outputPaths = (
			);
			runOnlyForDeploymentPostprocessing = 0;
			shellPath = /bin/sh;
			shellScript = "\"${SRCROOT}/Pods/Target Support Files/Pods-智慧田园/Pods-智慧田园-resources.sh\"\n";
			showEnvVarsInLog = 0;
		};
		9183C421FBA89F5F101B7E01 /* Embed Pods Frameworks */ = {
			isa = PBXShellScriptBuildPhase;
			buildActionMask = 2147483647;
			files = (
			);
			inputPaths = (
			);
			name = "Embed Pods Frameworks";
			outputPaths = (
			);
			runOnlyForDeploymentPostprocessing = 0;
			shellPath = /bin/sh;
			shellScript = "\"${SRCROOT}/Pods/Target Support Files/Pods-智慧田园/Pods-智慧田园-frameworks.sh\"\n";
			showEnvVarsInLog = 0;
		};
		9972CF923208B11E6813783B /* Check Pods Manifest.lock */ = {
			isa = PBXShellScriptBuildPhase;
			buildActionMask = 2147483647;
			files = (
			);
			inputPaths = (
			);
			name = "Check Pods Manifest.lock";
			outputPaths = (
			);
			runOnlyForDeploymentPostprocessing = 0;
			shellPath = /bin/sh;
			shellScript = "diff \"${PODS_ROOT}/../Podfile.lock\" \"${PODS_ROOT}/Manifest.lock\" > /dev/null\nif [[ $? != 0 ]] ; then\n    cat << EOM\nerror: The sandbox is not in sync with the Podfile.lock. Run 'pod install' or update your CocoaPods installation.\nEOM\n    exit 1\nfi\n";
			showEnvVarsInLog = 0;
		};
		BB515B33BB43502C0D5C7EAA /* Copy Pods Resources */ = {
			isa = PBXShellScriptBuildPhase;
			buildActionMask = 2147483647;
			files = (
			);
			inputPaths = (
			);
			name = "Copy Pods Resources";
			outputPaths = (
			);
			runOnlyForDeploymentPostprocessing = 0;
			shellPath = /bin/sh;
			shellScript = "\"${SRCROOT}/Pods/Target Support Files/Pods-智慧田园/Pods-智慧田园-resources.sh\"\n";
			showEnvVarsInLog = 0;
		};
		BF3FA47709067C1A27CFE503 /* 📦 Check Pods Manifest.lock */ = {
			isa = PBXShellScriptBuildPhase;
			buildActionMask = 2147483647;
			files = (
			);
			inputPaths = (
			);
			name = "📦 Check Pods Manifest.lock";
			outputPaths = (
			);
			runOnlyForDeploymentPostprocessing = 0;
			shellPath = /bin/sh;
			shellScript = "diff \"${PODS_ROOT}/../Podfile.lock\" \"${PODS_ROOT}/Manifest.lock\" > /dev/null\nif [[ $? != 0 ]] ; then\n    cat << EOM\nerror: The sandbox is not in sync with the Podfile.lock. Run 'pod install' or update your CocoaPods installation.\nEOM\n    exit 1\nfi\n";
			showEnvVarsInLog = 0;
		};
		E3865FA0C3127EDA22655BE3 /* 📦 Embed Pods Frameworks */ = {
			isa = PBXShellScriptBuildPhase;
			buildActionMask = 2147483647;
			files = (
			);
			inputPaths = (
			);
			name = "📦 Embed Pods Frameworks";
			outputPaths = (
			);
			runOnlyForDeploymentPostprocessing = 0;
			shellPath = /bin/sh;
			shellScript = "\"${SRCROOT}/Pods/Target Support Files/Pods-智慧田园/Pods-智慧田园-frameworks.sh\"\n";
			showEnvVarsInLog = 0;
		};
/* End PBXShellScriptBuildPhase section */

/* Begin PBXSourcesBuildPhase section */
		96336E321CED569400BA5BF3 /* Sources */ = {
			isa = PBXSourcesBuildPhase;
			buildActionMask = 2147483647;
			files = (
				965A53C21CF014D900CA9B53 /* CardDetailViewController.swift in Sources */,
				96A04E911D44DD3A00EE66CA /* ExpertClassChooseCollectionViewCell.swift in Sources */,
				965A540F1CF1F03D00CA9B53 /* MyReplyTableViewCell.swift in Sources */,
				963BDD311CFB4DB8003DB16E /* AnalyzeCollectionViewCell.swift in Sources */,
				965A54091CF1D4E600CA9B53 /* AskExpertTableViewCell.swift in Sources */,
				968889161CEF24DE00B99FD4 /* TYExtension.swift in Sources */,
				965A53DD1CF1369600CA9B53 /* ForumViewController.swift in Sources */,
				963123091D3779A200476592 /* MessagePhotoScanController.swift in Sources */,
				96076C561CF9C1CE002E3F1E /* WisdomTask.swift in Sources */,
				965A53EE1CF1618100CA9B53 /* ForumTableViewCell.swift in Sources */,
				965A53D01CF078A500CA9B53 /* TaskTableViewCell.swift in Sources */,
				965A540C1CF1E23200CA9B53 /* ExpertAndMeViewController.swift in Sources */,
				96D29D8D1D3F976800B990DB /* ExpertClient.swift in Sources */,
				965A54011CF1D38300CA9B53 /* ExpertViewController.swift in Sources */,
				9677B7AA1CF5B686008ADEA4 /* AlertTimeChooseViewController.swift in Sources */,
				9677B7B21CF5D233008ADEA4 /* CropsChooseViewController.swift in Sources */,
				965A53FA1CF19E5F00CA9B53 /* ForumDetailViewController.swift in Sources */,
				96AC87521D3F6F5C0075C451 /* ExpertModel.swift in Sources */,
				9699F1BD1CEF40BF0013031B /* FarmlandCardTableViewCell.swift in Sources */,
				9697638F1CF861F300F11E7C /* ForumModel.swift in Sources */,
				9677B7B51CF5D319008ADEA4 /* CropsCollectionViewCell.swift in Sources */,
				963BDD3C1CFB6513003DB16E /* AirViewController.swift in Sources */,
				9677B7BC1CF688C1008ADEA4 /* GPSWayViewController.swift in Sources */,
				962ABF581CF2898400990AC2 /* InstroduceHeaderView.swift in Sources */,
				96A04E8E1D44DA6D00EE66CA /* ExpertClassChooseTableHeadView.swift in Sources */,
				963BDD291CFB427A003DB16E /* AnalyzeViewController.swift in Sources */,
				965A53C71CF073D300CA9B53 /* TYTabBarItem.swift in Sources */,
				96336E3A1CED569400BA5BF3 /* AppDelegate.swift in Sources */,
				963BDD451CFBD152003DB16E /* FertilizeViewController.swift in Sources */,
				9677B7B81CF5FCA9008ADEA4 /* AreaGetWayChooseViewController.swift in Sources */,
				965A53F41CF18FE800CA9B53 /* PushNewForumViewController.swift in Sources */,
				96D040951D42343200011D15 /* ExpertClassChooseController.swift in Sources */,
				963BDD421CFB6874003DB16E /* SunViewController.swift in Sources */,
				96A567C51CF7DF73000733A1 /* NetWorkManager.swift in Sources */,
				962ABF5F1CF2ABAD00990AC2 /* TaskModel.swift in Sources */,
				965A53E91CF13C3700CA9B53 /* PageButtonMidLine.swift in Sources */,
				96A567BF1CF73B6F000733A1 /* NetWork.swift in Sources */,
				965A53D41CF0898800CA9B53 /* FarmlandConfigureViewController.swift in Sources */,
				965A53BF1CF0011400CA9B53 /* Reachability.m in Sources */,
				965A53C01CF0011400CA9B53 /* TYConfig.swift in Sources */,
				9677B7BA1CF688AF008ADEA4 /* AreaViewController.swift in Sources */,
				9677B7AC1CF5C63A008ADEA4 /* AlertCropsChooseViewController.swift in Sources */,
				963BDD371CFB6125003DB16E /* TYAnalyze.swift in Sources */,
				9688890E1CEEA98200B99FD4 /* AlertAddDeviceSecondViewController.swift in Sources */,
				96A567C11CF73D80000733A1 /* RegisterViewController.swift in Sources */,
				9677B7AF1CF5C70E008ADEA4 /* CropClassTableViewCell.swift in Sources */,
				965A53F71CF19A7200CA9B53 /* ReplyTableViewCell.swift in Sources */,
				965A53F21CF1727400CA9B53 /* MeForumViewController.swift in Sources */,
				96A04E8B1D44D9EB00EE66CA /* ExpertClassChooseTableViewCell.swift in Sources */,
				963BDD231CFAB0F4003DB16E /* TaskDetailViewController.swift in Sources */,
				965A54051CF1D4BE00CA9B53 /* ExpertReplyTableViewCell.swift in Sources */,
				96A567B91CF72FEA000733A1 /* LoginViewController.swift in Sources */,
				962ABF541CF2895800990AC2 /* InstroduceViewController.swift in Sources */,
				968888FD1CEE018A00B99FD4 /* TYViewController.swift in Sources */,
				9697638C1CF83EE700F11E7C /* UserCenterViewController.swift in Sources */,
				963BDD351CFB5002003DB16E /* GrowthViewController.swift in Sources */,
				96076C541CF9C1B7002E3F1E /* WidomTaskModel.swift in Sources */,
				96A567B71CF72F03000733A1 /* LoginHomeViewController.swift in Sources */,
				963BDD3F1CFB682A003DB16E /* SoilViewController.swift in Sources */,
				9631230A1D3779A200476592 /* MessagePhotoView.swift in Sources */,
				965A53D91CF0916100CA9B53 /* FarmlandConfigTableViewCell.swift in Sources */,
				96076C3A1CF96148002E3F1E /* MBProgressHUD+MJ.m in Sources */,
				968888FF1CEE01F800B99FD4 /* TYNavigationViewController.swift in Sources */,
				962ABF5B1CF29ECB00990AC2 /* InstroduceTableViewCell.swift in Sources */,
				96A567BC1CF73B25000733A1 /* TYUserDefault.swift in Sources */,
				968889101CEEAAEB00B99FD4 /* AlertAddDeviceThirdViewController.swift in Sources */,
				968889121CEEB13800B99FD4 /* AlertAddDeviceFourViewController.swift in Sources */,
				968889011CEE027A00B99FD4 /* MainViewController.swift in Sources */,
				968889081CEE9C1800B99FD4 /* AlertAddDeviceViewController.swift in Sources */,
				9638713F1CF4039C00653D11 /* NewRecordViewController.swift in Sources */,
			);
			runOnlyForDeploymentPostprocessing = 0;
		};
		96336E461CED569500BA5BF3 /* Sources */ = {
			isa = PBXSourcesBuildPhase;
			buildActionMask = 2147483647;
			files = (
				96336E4F1CED569500BA5BF3 /* ____Tests.swift in Sources */,
			);
			runOnlyForDeploymentPostprocessing = 0;
		};
		96336E511CED569500BA5BF3 /* Sources */ = {
			isa = PBXSourcesBuildPhase;
			buildActionMask = 2147483647;
			files = (
				96336E5A1CED569500BA5BF3 /* ____UITests.swift in Sources */,
			);
			runOnlyForDeploymentPostprocessing = 0;
		};
/* End PBXSourcesBuildPhase section */

/* Begin PBXTargetDependency section */
		96336E4C1CED569500BA5BF3 /* PBXTargetDependency */ = {
			isa = PBXTargetDependency;
			target = 96336E351CED569400BA5BF3 /* 智慧田园 */;
			targetProxy = 96336E4B1CED569500BA5BF3 /* PBXContainerItemProxy */;
		};
		96336E571CED569500BA5BF3 /* PBXTargetDependency */ = {
			isa = PBXTargetDependency;
			target = 96336E351CED569400BA5BF3 /* 智慧田园 */;
			targetProxy = 96336E561CED569500BA5BF3 /* PBXContainerItemProxy */;
		};
/* End PBXTargetDependency section */

/* Begin PBXVariantGroup section */
		96336E3D1CED569400BA5BF3 /* Main.storyboard */ = {
			isa = PBXVariantGroup;
			children = (
				96336E3E1CED569400BA5BF3 /* Base */,
			);
			name = Main.storyboard;
			sourceTree = "<group>";
		};
		96336E421CED569400BA5BF3 /* LaunchScreen.storyboard */ = {
			isa = PBXVariantGroup;
			children = (
				96336E431CED569400BA5BF3 /* Base */,
			);
			name = LaunchScreen.storyboard;
			sourceTree = "<group>";
		};
/* End PBXVariantGroup section */

/* Begin XCBuildConfiguration section */
		96336E5C1CED569500BA5BF3 /* Debug */ = {
			isa = XCBuildConfiguration;
			buildSettings = {
				ALWAYS_SEARCH_USER_PATHS = NO;
				CLANG_ANALYZER_NONNULL = YES;
				CLANG_CXX_LANGUAGE_STANDARD = "gnu++0x";
				CLANG_CXX_LIBRARY = "libc++";
				CLANG_ENABLE_MODULES = YES;
				CLANG_ENABLE_OBJC_ARC = YES;
				CLANG_WARN_BOOL_CONVERSION = YES;
				CLANG_WARN_CONSTANT_CONVERSION = YES;
				CLANG_WARN_DIRECT_OBJC_ISA_USAGE = YES_ERROR;
				CLANG_WARN_EMPTY_BODY = YES;
				CLANG_WARN_ENUM_CONVERSION = YES;
				CLANG_WARN_INT_CONVERSION = YES;
				CLANG_WARN_OBJC_ROOT_CLASS = YES_ERROR;
				CLANG_WARN_UNREACHABLE_CODE = YES;
				CLANG_WARN__DUPLICATE_METHOD_MATCH = YES;
				"CODE_SIGN_IDENTITY[sdk=iphoneos*]" = "iPhone Developer";
				COPY_PHASE_STRIP = NO;
				DEBUG_INFORMATION_FORMAT = dwarf;
				ENABLE_STRICT_OBJC_MSGSEND = YES;
				ENABLE_TESTABILITY = YES;
				GCC_C_LANGUAGE_STANDARD = gnu99;
				GCC_DYNAMIC_NO_PIC = NO;
				GCC_NO_COMMON_BLOCKS = YES;
				GCC_OPTIMIZATION_LEVEL = 0;
				GCC_PREPROCESSOR_DEFINITIONS = (
					"DEBUG=1",
					"$(inherited)",
				);
				GCC_WARN_64_TO_32_BIT_CONVERSION = YES;
				GCC_WARN_ABOUT_RETURN_TYPE = YES_ERROR;
				GCC_WARN_UNDECLARED_SELECTOR = YES;
				GCC_WARN_UNINITIALIZED_AUTOS = YES_AGGRESSIVE;
				GCC_WARN_UNUSED_FUNCTION = YES;
				GCC_WARN_UNUSED_VARIABLE = YES;
				IPHONEOS_DEPLOYMENT_TARGET = 9.3;
				MTL_ENABLE_DEBUG_INFO = YES;
				ONLY_ACTIVE_ARCH = YES;
				SDKROOT = iphoneos;
				SWIFT_OPTIMIZATION_LEVEL = "-Onone";
			};
			name = Debug;
		};
		96336E5D1CED569500BA5BF3 /* Release */ = {
			isa = XCBuildConfiguration;
			buildSettings = {
				ALWAYS_SEARCH_USER_PATHS = NO;
				CLANG_ANALYZER_NONNULL = YES;
				CLANG_CXX_LANGUAGE_STANDARD = "gnu++0x";
				CLANG_CXX_LIBRARY = "libc++";
				CLANG_ENABLE_MODULES = YES;
				CLANG_ENABLE_OBJC_ARC = YES;
				CLANG_WARN_BOOL_CONVERSION = YES;
				CLANG_WARN_CONSTANT_CONVERSION = YES;
				CLANG_WARN_DIRECT_OBJC_ISA_USAGE = YES_ERROR;
				CLANG_WARN_EMPTY_BODY = YES;
				CLANG_WARN_ENUM_CONVERSION = YES;
				CLANG_WARN_INT_CONVERSION = YES;
				CLANG_WARN_OBJC_ROOT_CLASS = YES_ERROR;
				CLANG_WARN_UNREACHABLE_CODE = YES;
				CLANG_WARN__DUPLICATE_METHOD_MATCH = YES;
				"CODE_SIGN_IDENTITY[sdk=iphoneos*]" = "iPhone Developer";
				COPY_PHASE_STRIP = NO;
				DEBUG_INFORMATION_FORMAT = "dwarf-with-dsym";
				ENABLE_NS_ASSERTIONS = NO;
				ENABLE_STRICT_OBJC_MSGSEND = YES;
				GCC_C_LANGUAGE_STANDARD = gnu99;
				GCC_NO_COMMON_BLOCKS = YES;
				GCC_WARN_64_TO_32_BIT_CONVERSION = YES;
				GCC_WARN_ABOUT_RETURN_TYPE = YES_ERROR;
				GCC_WARN_UNDECLARED_SELECTOR = YES;
				GCC_WARN_UNINITIALIZED_AUTOS = YES_AGGRESSIVE;
				GCC_WARN_UNUSED_FUNCTION = YES;
				GCC_WARN_UNUSED_VARIABLE = YES;
				IPHONEOS_DEPLOYMENT_TARGET = 9.3;
				MTL_ENABLE_DEBUG_INFO = NO;
				SDKROOT = iphoneos;
				VALIDATE_PRODUCT = YES;
			};
			name = Release;
		};
		96336E5F1CED569500BA5BF3 /* Debug */ = {
			isa = XCBuildConfiguration;
			baseConfigurationReference = 800828A745BC94227B7D9391 /* Pods-智慧田园.debug.xcconfig */;
			buildSettings = {
				ASSETCATALOG_COMPILER_APPICON_NAME = AppIcon;
				CODE_SIGN_IDENTITY = "iPhone Developer";
				FRAMEWORK_SEARCH_PATHS = (
					"$(inherited)",
					"$(PROJECT_DIR)",
					"$(PROJECT_DIR)/智慧田园",
				);
				INFOPLIST_FILE = "智慧田园/Info.plist";
				IPHONEOS_DEPLOYMENT_TARGET = 9.0;
				LD_RUNPATH_SEARCH_PATHS = "$(inherited) @executable_path/Frameworks";
				LIBRARY_SEARCH_PATHS = (
					"$(inherited)",
					"$(PROJECT_DIR)",
				);
				OTHER_LDFLAGS = (
					"$(inherited)",
					"-framework",
					"\"Alamofire\"",
					"-framework",
					"\"CocoaAsyncSocket\"",
					"-framework",
					"\"JTCalendar\"",
					"-framework",
					"\"KeyboardMan\"",
					"-framework",
					"\"MBProgressHUD\"",
					"-framework",
					"\"MMTweenAnimation\"",
					"-framework",
					"\"PNChart\"",
					"-framework",
					"\"SDWebImage\"",
					"-framework",
					"\"STPopup\"",
					"-framework",
					"\"SnapKit\"",
					"-framework",
					"\"UICountingLabel\"",
					"-framework",
					"\"pop\"",
				);
				PRODUCT_BUNDLE_IDENTIFIER = com.jason.ZHTYS;
				PRODUCT_NAME = "$(TARGET_NAME)";
				SWIFT_OBJC_BRIDGING_HEADER = TYHeader.h;
				SWIFT_VERSION = 2.3;
			};
			name = Debug;
		};
		96336E601CED569500BA5BF3 /* Release */ = {
			isa = XCBuildConfiguration;
			baseConfigurationReference = BB38657AA1CBDF22B65A16CC /* Pods-智慧田园.release.xcconfig */;
			buildSettings = {
				ASSETCATALOG_COMPILER_APPICON_NAME = AppIcon;
				CODE_SIGN_IDENTITY = "iPhone Developer";
				FRAMEWORK_SEARCH_PATHS = (
					"$(inherited)",
					"$(PROJECT_DIR)",
					"$(PROJECT_DIR)/智慧田园",
				);
				INFOPLIST_FILE = "智慧田园/Info.plist";
				IPHONEOS_DEPLOYMENT_TARGET = 9.0;
				LD_RUNPATH_SEARCH_PATHS = "$(inherited) @executable_path/Frameworks";
				LIBRARY_SEARCH_PATHS = (
					"$(inherited)",
					"$(PROJECT_DIR)",
				);
				OTHER_LDFLAGS = (
					"$(inherited)",
					"-framework",
					"\"Alamofire\"",
					"-framework",
					"\"CocoaAsyncSocket\"",
					"-framework",
					"\"JTCalendar\"",
					"-framework",
					"\"KeyboardMan\"",
					"-framework",
					"\"MBProgressHUD\"",
					"-framework",
					"\"MMTweenAnimation\"",
					"-framework",
					"\"PNChart\"",
					"-framework",
					"\"SDWebImage\"",
					"-framework",
					"\"STPopup\"",
					"-framework",
					"\"SnapKit\"",
					"-framework",
					"\"UICountingLabel\"",
					"-framework",
					"\"pop\"",
				);
				PRODUCT_BUNDLE_IDENTIFIER = com.jason.ZHTYS;
				PRODUCT_NAME = "$(TARGET_NAME)";
				SWIFT_OBJC_BRIDGING_HEADER = TYHeader.h;
				SWIFT_VERSION = 2.3;
			};
			name = Release;
		};
		96336E621CED569500BA5BF3 /* Debug */ = {
			isa = XCBuildConfiguration;
			buildSettings = {
				BUNDLE_LOADER = "$(TEST_HOST)";
				INFOPLIST_FILE = "智慧田园Tests/Info.plist";
				LD_RUNPATH_SEARCH_PATHS = "$(inherited) @executable_path/Frameworks @loader_path/Frameworks";
				PRODUCT_BUNDLE_IDENTIFIER = "com.jason.----Tests";
				PRODUCT_NAME = "$(TARGET_NAME)";
				SWIFT_VERSION = 2.3;
				TEST_HOST = "$(BUILT_PRODUCTS_DIR)/智慧田园.app/智慧田园";
			};
			name = Debug;
		};
		96336E631CED569500BA5BF3 /* Release */ = {
			isa = XCBuildConfiguration;
			buildSettings = {
				BUNDLE_LOADER = "$(TEST_HOST)";
				INFOPLIST_FILE = "智慧田园Tests/Info.plist";
				LD_RUNPATH_SEARCH_PATHS = "$(inherited) @executable_path/Frameworks @loader_path/Frameworks";
				PRODUCT_BUNDLE_IDENTIFIER = "com.jason.----Tests";
				PRODUCT_NAME = "$(TARGET_NAME)";
				SWIFT_VERSION = 2.3;
				TEST_HOST = "$(BUILT_PRODUCTS_DIR)/智慧田园.app/智慧田园";
			};
			name = Release;
		};
		96336E651CED569500BA5BF3 /* Debug */ = {
			isa = XCBuildConfiguration;
			buildSettings = {
				INFOPLIST_FILE = "智慧田园UITests/Info.plist";
				LD_RUNPATH_SEARCH_PATHS = "$(inherited) @executable_path/Frameworks @loader_path/Frameworks";
				PRODUCT_BUNDLE_IDENTIFIER = "com.jason.----UITests";
				PRODUCT_NAME = "$(TARGET_NAME)";
				SWIFT_VERSION = 2.3;
				TEST_TARGET_NAME = "智慧田园";
			};
			name = Debug;
		};
		96336E661CED569500BA5BF3 /* Release */ = {
			isa = XCBuildConfiguration;
			buildSettings = {
				INFOPLIST_FILE = "智慧田园UITests/Info.plist";
				LD_RUNPATH_SEARCH_PATHS = "$(inherited) @executable_path/Frameworks @loader_path/Frameworks";
				PRODUCT_BUNDLE_IDENTIFIER = "com.jason.----UITests";
				PRODUCT_NAME = "$(TARGET_NAME)";
				SWIFT_VERSION = 2.3;
				TEST_TARGET_NAME = "智慧田园";
			};
			name = Release;
		};
/* End XCBuildConfiguration section */

/* Begin XCConfigurationList section */
		96336E311CED569400BA5BF3 /* Build configuration list for PBXProject "智慧田园" */ = {
			isa = XCConfigurationList;
			buildConfigurations = (
				96336E5C1CED569500BA5BF3 /* Debug */,
				96336E5D1CED569500BA5BF3 /* Release */,
			);
			defaultConfigurationIsVisible = 0;
			defaultConfigurationName = Release;
		};
		96336E5E1CED569500BA5BF3 /* Build configuration list for PBXNativeTarget "智慧田园" */ = {
			isa = XCConfigurationList;
			buildConfigurations = (
				96336E5F1CED569500BA5BF3 /* Debug */,
				96336E601CED569500BA5BF3 /* Release */,
			);
			defaultConfigurationIsVisible = 0;
			defaultConfigurationName = Release;
		};
		96336E611CED569500BA5BF3 /* Build configuration list for PBXNativeTarget "智慧田园Tests" */ = {
			isa = XCConfigurationList;
			buildConfigurations = (
				96336E621CED569500BA5BF3 /* Debug */,
				96336E631CED569500BA5BF3 /* Release */,
			);
			defaultConfigurationIsVisible = 0;
			defaultConfigurationName = Release;
		};
		96336E641CED569500BA5BF3 /* Build configuration list for PBXNativeTarget "智慧田园UITests" */ = {
			isa = XCConfigurationList;
			buildConfigurations = (
				96336E651CED569500BA5BF3 /* Debug */,
				96336E661CED569500BA5BF3 /* Release */,
			);
			defaultConfigurationIsVisible = 0;
			defaultConfigurationName = Release;
		};
/* End XCConfigurationList section */
	};
	rootObject = 96336E2E1CED569400BA5BF3 /* Project object */;
}
